// !$*UTF8*$!
{
	archiveVersion = 1;
	classes = {
	};
	objectVersion = 50;
	objects = {

/* Begin PBXBuildFile section */
		17020ED921FDD25D006DE7ED /* GrayscaleKernel.metal in Sources */ = {isa = PBXBuildFile; fileRef = 17020ED821FDD25D006DE7ED /* GrayscaleKernel.metal */; };
		17020EDB21FDD607006DE7ED /* GrayscaleKernelParameters.swift in Sources */ = {isa = PBXBuildFile; fileRef = 17020EDA21FDD607006DE7ED /* GrayscaleKernelParameters.swift */; };
		17020EDD21FDD6C5006DE7ED /* GrayscaleAdjust.swift in Sources */ = {isa = PBXBuildFile; fileRef = 17020EDC21FDD6C5006DE7ED /* GrayscaleAdjust.swift */; };
		171D625721ED974A004D3545 /* Renderer.swift in Sources */ = {isa = PBXBuildFile; fileRef = 171D625621ED974A004D3545 /* Renderer.swift */; };
		171D625921ED98AE004D3545 /* Noir.swift in Sources */ = {isa = PBXBuildFile; fileRef = 171D625821ED98AE004D3545 /* Noir.swift */; };
		171D625B21EDA5B6004D3545 /* PreviewMetalView.swift in Sources */ = {isa = PBXBuildFile; fileRef = 171D625A21EDA5B6004D3545 /* PreviewMetalView.swift */; };
		171D625E21EDB446004D3545 /* PassThrough.metal in Sources */ = {isa = PBXBuildFile; fileRef = 171D625D21EDB446004D3545 /* PassThrough.metal */; };
		171D626021EDB46D004D3545 /* Mixer.metal in Sources */ = {isa = PBXBuildFile; fileRef = 171D625F21EDB46D004D3545 /* Mixer.metal */; };
		171D626221EDB66F004D3545 /* DotScreen.swift in Sources */ = {isa = PBXBuildFile; fileRef = 171D626121EDB66F004D3545 /* DotScreen.swift */; };
		171D626421EDBE4B004D3545 /* RenderPacket.swift in Sources */ = {isa = PBXBuildFile; fileRef = 171D626321EDBE4B004D3545 /* RenderPacket.swift */; };
		171D626621EDC409004D3545 /* FilterManager.swift in Sources */ = {isa = PBXBuildFile; fileRef = 171D626521EDC409004D3545 /* FilterManager.swift */; };
		171D626821EDC45E004D3545 /* CameraFilter.swift in Sources */ = {isa = PBXBuildFile; fileRef = 171D626721EDC45E004D3545 /* CameraFilter.swift */; };
		171D626B21EDCE62004D3545 /* Pixellate.swift in Sources */ = {isa = PBXBuildFile; fileRef = 171D626A21EDCE62004D3545 /* Pixellate.swift */; };
		171D626D21EDCF6E004D3545 /* LineScreen.swift in Sources */ = {isa = PBXBuildFile; fileRef = 171D626C21EDCF6D004D3545 /* LineScreen.swift */; };
		171D626F21EDD143004D3545 /* CircularScreen.swift in Sources */ = {isa = PBXBuildFile; fileRef = 171D626E21EDD143004D3545 /* CircularScreen.swift */; };
		171D627121EDD1C2004D3545 /* HatchScreen.swift in Sources */ = {isa = PBXBuildFile; fileRef = 171D627021EDD1C2004D3545 /* HatchScreen.swift */; };
		171D627321EDD415004D3545 /* CMYKHalftone.swift in Sources */ = {isa = PBXBuildFile; fileRef = 171D627221EDD415004D3545 /* CMYKHalftone.swift */; };
		171D627621EDD52D004D3545 /* CircleAndLines.swift in Sources */ = {isa = PBXBuildFile; fileRef = 171D627521EDD52D004D3545 /* CircleAndLines.swift */; };
		171D627821EDF017004D3545 /* PassThrough.swift in Sources */ = {isa = PBXBuildFile; fileRef = 171D627721EDF017004D3545 /* PassThrough.swift */; };
		171E542721E44E170045ED77 /* AppDelegate.swift in Sources */ = {isa = PBXBuildFile; fileRef = 171E542621E44E170045ED77 /* AppDelegate.swift */; };
		171E542921E44E170045ED77 /* MainUIViewer.swift in Sources */ = {isa = PBXBuildFile; fileRef = 171E542821E44E170045ED77 /* MainUIViewer.swift */; };
		171E542C21E44E170045ED77 /* Main.storyboard in Resources */ = {isa = PBXBuildFile; fileRef = 171E542A21E44E170045ED77 /* Main.storyboard */; };
		171E542E21E44E180045ED77 /* Assets.xcassets in Resources */ = {isa = PBXBuildFile; fileRef = 171E542D21E44E180045ED77 /* Assets.xcassets */; };
		171E543121E44E180045ED77 /* LaunchScreen.storyboard in Resources */ = {isa = PBXBuildFile; fileRef = 171E542F21E44E180045ED77 /* LaunchScreen.storyboard */; };
		171F3CEF220861800098E2B7 /* GridGenerator.metal in Sources */ = {isa = PBXBuildFile; fileRef = 171F3CEE220861800098E2B7 /* GridGenerator.metal */; };
		171F3CF1220862B80098E2B7 /* GridParameters.swift in Sources */ = {isa = PBXBuildFile; fileRef = 171F3CF0220862B70098E2B7 /* GridParameters.swift */; };
		171F3CF4220863760098E2B7 /* GridGenerator.swift in Sources */ = {isa = PBXBuildFile; fileRef = 171F3CF3220863760098E2B7 /* GridGenerator.swift */; };
		1726241521F840D200C7688C /* PixellateTableCode.swift in Sources */ = {isa = PBXBuildFile; fileRef = 1726241421F840D200C7688C /* PixellateTableCode.swift */; };
		1726241721F840E500C7688C /* PixellateTable.storyboard in Resources */ = {isa = PBXBuildFile; fileRef = 1726241621F840E500C7688C /* PixellateTable.storyboard */; };
		1726241A21F844DF00C7688C /* FilterTableBase.swift in Sources */ = {isa = PBXBuildFile; fileRef = 1726241921F844DF00C7688C /* FilterTableBase.swift */; };
		1726242121F8503E00C7688C /* NewFieldSettingProtocol.swift in Sources */ = {isa = PBXBuildFile; fileRef = 1726242021F8503E00C7688C /* NewFieldSettingProtocol.swift */; };
		1726243221F8640100C7688C /* Numeric.swift in Sources */ = {isa = PBXBuildFile; fileRef = 1726243121F8640100C7688C /* Numeric.swift */; };
		1726243421F8964E00C7688C /* HSBAdjust.swift in Sources */ = {isa = PBXBuildFile; fileRef = 1726243321F8964E00C7688C /* HSBAdjust.swift */; };
		172D98C921F9A53A005A5275 /* ChannelMixer.swift in Sources */ = {isa = PBXBuildFile; fileRef = 172D98C821F9A53A005A5275 /* ChannelMixer.swift */; };
		1739EAD021E7563300407556 /* ImageFilterer.swift in Sources */ = {isa = PBXBuildFile; fileRef = 1739EACF21E7563300407556 /* ImageFilterer.swift */; };
		173B16A42201437B005A5B0B /* Pixellate2TableCode.swift in Sources */ = {isa = PBXBuildFile; fileRef = 173B16A32201437B005A5B0B /* Pixellate2TableCode.swift */; };
		173B16A622014F8B005A5B0B /* HighlightBrightness.swift in Sources */ = {isa = PBXBuildFile; fileRef = 173B16A522014F8B005A5B0B /* HighlightBrightness.swift */; };
		173B16A822015766005A5B0B /* About.storyboard in Resources */ = {isa = PBXBuildFile; fileRef = 173B16A722015766005A5B0B /* About.storyboard */; };
		173F632D21FFFBEE006CB67C /* BlockInfoParameters.swift in Sources */ = {isa = PBXBuildFile; fileRef = 173F632C21FFFBEE006CB67C /* BlockInfoParameters.swift */; };
		173F632F22000045006CB67C /* PixellateMetalTable.storyboard in Resources */ = {isa = PBXBuildFile; fileRef = 173F632E22000045006CB67C /* PixellateMetalTable.storyboard */; };
		173F6331220001FD006CB67C /* PixellateMetalTableCode.swift in Sources */ = {isa = PBXBuildFile; fileRef = 173F6330220001FD006CB67C /* PixellateMetalTableCode.swift */; };
		173F633422001800006CB67C /* Pixellate2Table.storyboard in Resources */ = {isa = PBXBuildFile; fileRef = 173F633322001800006CB67C /* Pixellate2Table.storyboard */; };
		174779F822042FEC00FD64EF /* NoParametersSettingsUI.storyboard in Resources */ = {isa = PBXBuildFile; fileRef = 174779F722042FEC00FD64EF /* NoParametersSettingsUI.storyboard */; };
		174779FA2204309600FD64EF /* NoParametersSettingsUICode.swift in Sources */ = {isa = PBXBuildFile; fileRef = 174779F92204309600FD64EF /* NoParametersSettingsUICode.swift */; };
		174779FC2204338600FD64EF /* CollapsibleHeader.swift in Sources */ = {isa = PBXBuildFile; fileRef = 174779FB2204338600FD64EF /* CollapsibleHeader.swift */; };
		174779FE220433CB00FD64EF /* CollapsibleTableViewHeaderDelegate.swift in Sources */ = {isa = PBXBuildFile; fileRef = 174779FD220433CB00FD64EF /* CollapsibleTableViewHeaderDelegate.swift */; };
		17477A0022048C6600FD64EF /* FilterSectionData.swift in Sources */ = {isa = PBXBuildFile; fileRef = 174779FF22048C6600FD64EF /* FilterSectionData.swift */; };
		17477A0322049B1500FD64EF /* GrayscaleSettingsUI.storyboard in Resources */ = {isa = PBXBuildFile; fileRef = 17477A0222049B1500FD64EF /* GrayscaleSettingsUI.storyboard */; };
		174D6D5B220803E70066AE93 /* GroupNodeManager.swift in Sources */ = {isa = PBXBuildFile; fileRef = 174D6D5A220803E70066AE93 /* GroupNodeManager.swift */; };
		174D6D5D220804000066AE93 /* GroupNode.swift in Sources */ = {isa = PBXBuildFile; fileRef = 174D6D5C220804000066AE93 /* GroupNode.swift */; };
		174D6D5F220804AC0066AE93 /* FilterNode.swift in Sources */ = {isa = PBXBuildFile; fileRef = 174D6D5E220804AC0066AE93 /* FilterNode.swift */; };
		1756CDF221FD60B300C4E638 /* RGBtoRGB.metal in Sources */ = {isa = PBXBuildFile; fileRef = 1756CDF121FD60B300C4E638 /* RGBtoRGB.metal */; };
		1756CDF421FD61C700C4E638 /* RelativeStrengthParameters.swift in Sources */ = {isa = PBXBuildFile; fileRef = 1756CDF321FD61C700C4E638 /* RelativeStrengthParameters.swift */; };
		1756CDF621FD629800C4E638 /* RGBtoRBG.metal in Sources */ = {isa = PBXBuildFile; fileRef = 1756CDF521FD629800C4E638 /* RGBtoRBG.metal */; };
		1756CDF821FD62E700C4E638 /* RGBtoGRB.metal in Sources */ = {isa = PBXBuildFile; fileRef = 1756CDF721FD62E700C4E638 /* RGBtoGRB.metal */; };
		1756CDFA21FD633C00C4E638 /* RGBtoGBR.metal in Sources */ = {isa = PBXBuildFile; fileRef = 1756CDF921FD633C00C4E638 /* RGBtoGBR.metal */; };
		1756CDFC21FD638F00C4E638 /* RGBtoBRG.metal in Sources */ = {isa = PBXBuildFile; fileRef = 1756CDFB21FD638F00C4E638 /* RGBtoBRG.metal */; };
		1756CDFE21FD63D800C4E638 /* RGBtoBGR.metal in Sources */ = {isa = PBXBuildFile; fileRef = 1756CDFD21FD63D800C4E638 /* RGBtoBGR.metal */; };
		1756CE0121FD646600C4E638 /* RGBtoHSB.metal in Sources */ = {isa = PBXBuildFile; fileRef = 1756CE0021FD646600C4E638 /* RGBtoHSB.metal */; };
		1756CE0621FD734600C4E638 /* RGBtoHBS.metal in Sources */ = {isa = PBXBuildFile; fileRef = 1756CE0521FD734600C4E638 /* RGBtoHBS.metal */; };
		1756CE0821FD737100C4E638 /* RGBtoSHB.metal in Sources */ = {isa = PBXBuildFile; fileRef = 1756CE0721FD737100C4E638 /* RGBtoSHB.metal */; };
		1756CE0A21FD73AA00C4E638 /* RGBtoSBH.metal in Sources */ = {isa = PBXBuildFile; fileRef = 1756CE0921FD73AA00C4E638 /* RGBtoSBH.metal */; };
		1756CE0C21FD73D200C4E638 /* RGBtoBHS.metal in Sources */ = {isa = PBXBuildFile; fileRef = 1756CE0B21FD73D200C4E638 /* RGBtoBHS.metal */; };
		1756CE0E21FD740300C4E638 /* RGBtoBSH.metal in Sources */ = {isa = PBXBuildFile; fileRef = 1756CE0D21FD740300C4E638 /* RGBtoBSH.metal */; };
		1756CE1021FD860A00C4E638 /* RGBSwizzling.metal in Sources */ = {isa = PBXBuildFile; fileRef = 1756CE0F21FD860A00C4E638 /* RGBSwizzling.metal */; };
		1756CE1221FD874800C4E638 /* ChannelSwizzleParameters.swift in Sources */ = {isa = PBXBuildFile; fileRef = 1756CE1121FD874800C4E638 /* ChannelSwizzleParameters.swift */; };
		1756CE1421FD87CB00C4E638 /* HSBSwizzling.metal in Sources */ = {isa = PBXBuildFile; fileRef = 1756CE1321FD87CB00C4E638 /* HSBSwizzling.metal */; };
		1756F1192204A37100CC655D /* GrayscaleSettingsUICode.swift in Sources */ = {isa = PBXBuildFile; fileRef = 1756F1182204A37100CC655D /* GrayscaleSettingsUICode.swift */; };
		175E260E21F4A5AB00B6BF8F /* HueAdjust.swift in Sources */ = {isa = PBXBuildFile; fileRef = 175E260D21F4A5AB00B6BF8F /* HueAdjust.swift */; };
		1764FA8A21F1E6F90059FAFD /* FilterSettings.swift in Sources */ = {isa = PBXBuildFile; fileRef = 1764FA8921F1E6F90059FAFD /* FilterSettings.swift */; };
		17787F022202C43900D15761 /* HSBFilterSettingsUI.storyboard in Resources */ = {isa = PBXBuildFile; fileRef = 17787F012202C43900D15761 /* HSBFilterSettingsUI.storyboard */; };
		17787F042202C6AE00D15761 /* HSBFilterSettingsUICode.swift in Sources */ = {isa = PBXBuildFile; fileRef = 17787F032202C6AE00D15761 /* HSBFilterSettingsUICode.swift */; };
		17787F072202DC2A00D15761 /* ChannelMixerSettingsUI.storyboard in Resources */ = {isa = PBXBuildFile; fileRef = 17787F062202DC2A00D15761 /* ChannelMixerSettingsUI.storyboard */; };
		17787F092202E2E400D15761 /* ChannelMixerSettingsUICode.swift in Sources */ = {isa = PBXBuildFile; fileRef = 17787F082202E2E400D15761 /* ChannelMixerSettingsUICode.swift */; };
		17787F0C2203069A00D15761 /* HalftoneSettingsUI.storyboard in Resources */ = {isa = PBXBuildFile; fileRef = 17787F0B2203069A00D15761 /* HalftoneSettingsUI.storyboard */; };
		17787F0E22031BD100D15761 /* HalftoneSettingsUICode.swift in Sources */ = {isa = PBXBuildFile; fileRef = 17787F0D22031BD100D15761 /* HalftoneSettingsUICode.swift */; };
		178C75BC21F3247E00844FFF /* MTLKitExtension.swift in Sources */ = {isa = PBXBuildFile; fileRef = 178C75BB21F3247E00844FFF /* MTLKitExtension.swift */; };
		178C75BE21F337C100844FFF /* AVCaptureVideoOrientationExtension.swift in Sources */ = {isa = PBXBuildFile; fileRef = 178C75BD21F337C100844FFF /* AVCaptureVideoOrientationExtension.swift */; };
		178CF92621F5B98D007229FD /* ParameterManager.swift in Sources */ = {isa = PBXBuildFile; fileRef = 178CF92521F5B98D007229FD /* ParameterManager.swift */; };
		178CF92821F5F286007229FD /* FilterManagerEnums.swift in Sources */ = {isa = PBXBuildFile; fileRef = 178CF92721F5F286007229FD /* FilterManagerEnums.swift */; };
		1799C89621FF15750069D5AC /* Pixellatekernel.metal in Sources */ = {isa = PBXBuildFile; fileRef = 1799C89521FF15750069D5AC /* Pixellatekernel.metal */; };
		1799C89821FF17260069D5AC /* KuwaharaKernel.metal in Sources */ = {isa = PBXBuildFile; fileRef = 1799C89721FF17260069D5AC /* KuwaharaKernel.metal */; };
		1799C89A21FF1B890069D5AC /* KuwaharaEffect.swift in Sources */ = {isa = PBXBuildFile; fileRef = 1799C89921FF1B890069D5AC /* KuwaharaEffect.swift */; };
		1799C8A221FF2F9C0069D5AC /* Pixellate_Metal.swift in Sources */ = {isa = PBXBuildFile; fileRef = 1799C8A121FF2F9C0069D5AC /* Pixellate_Metal.swift */; };
		179B599421EF0AC200905058 /* FilterCollectionCell.swift in Sources */ = {isa = PBXBuildFile; fileRef = 179B599321EF0AC200905058 /* FilterCollectionCell.swift */; };
		17A409D72201E941003D4EC6 /* FilterSettingUIBase.swift in Sources */ = {isa = PBXBuildFile; fileRef = 17A409D62201E941003D4EC6 /* FilterSettingUIBase.swift */; };
		17A686E921F81E5B00F252CA /* HueAdjustTable.storyboard in Resources */ = {isa = PBXBuildFile; fileRef = 17A686E821F81E5B00F252CA /* HueAdjustTable.storyboard */; };
		17A686EB21F824AA00F252CA /* HueAdustTableCode.swift in Sources */ = {isa = PBXBuildFile; fileRef = 17A686EA21F824AA00F252CA /* HueAdustTableCode.swift */; };
		17B2ED8421F1A5CF00E3B56A /* MainSettings.swift in Sources */ = {isa = PBXBuildFile; fileRef = 17B2ED8321F1A5CF00E3B56A /* MainSettings.swift */; };
		17BEE0B221FC20FF00A9370B /* DesaturateColors.swift in Sources */ = {isa = PBXBuildFile; fileRef = 17BEE0B121FC20FF00A9370B /* DesaturateColors.swift */; };
		17BEE0B421FC2F8500A9370B /* DesaturationKernelParameters.swift in Sources */ = {isa = PBXBuildFile; fileRef = 17BEE0B321FC2F8500A9370B /* DesaturationKernelParameters.swift */; };
		17BEE0B721FC452F00A9370B /* DesaturateColorsTable.storyboard in Resources */ = {isa = PBXBuildFile; fileRef = 17BEE0B621FC452F00A9370B /* DesaturateColorsTable.storyboard */; };
		17BEE0B921FC459900A9370B /* DesaturateColorsTableCode.swift in Sources */ = {isa = PBXBuildFile; fileRef = 17BEE0B821FC459900A9370B /* DesaturateColorsTableCode.swift */; };
		17D5F32521FC1DC00093DFFF /* DesaturationKernel.metal in Sources */ = {isa = PBXBuildFile; fileRef = 17D5F32421FC1DC00093DFFF /* DesaturationKernel.metal */; };
		17D7510821F410BF0050A2B5 /* MainUIFilterSelection.swift in Sources */ = {isa = PBXBuildFile; fileRef = 17D7510721F410BF0050A2B5 /* MainUIFilterSelection.swift */; };
		17D7510A21F414390050A2B5 /* MainUILabelManagement.swift in Sources */ = {isa = PBXBuildFile; fileRef = 17D7510921F414390050A2B5 /* MainUILabelManagement.swift */; };
		17D7510C21F418430050A2B5 /* MainUIObserving.swift in Sources */ = {isa = PBXBuildFile; fileRef = 17D7510B21F418430050A2B5 /* MainUIObserving.swift */; };
		17D7510E21F41ACD0050A2B5 /* MainUISettings.swift in Sources */ = {isa = PBXBuildFile; fileRef = 17D7510D21F41ACD0050A2B5 /* MainUISettings.swift */; };
		17D7511121F41BB90050A2B5 /* MainUIJpegDataClass.swift in Sources */ = {isa = PBXBuildFile; fileRef = 17D7511021F41BB90050A2B5 /* MainUIJpegDataClass.swift */; };
		17D7511321F41CD40050A2B5 /* MainUIPhoto.swift in Sources */ = {isa = PBXBuildFile; fileRef = 17D7511221F41CD40050A2B5 /* MainUIPhoto.swift */; };
		17D7511521F41DE40050A2B5 /* MainUIDebug.swift in Sources */ = {isa = PBXBuildFile; fileRef = 17D7511421F41DE40050A2B5 /* MainUIDebug.swift */; };
		17D7511721F423DD0050A2B5 /* MainUICamera.swift in Sources */ = {isa = PBXBuildFile; fileRef = 17D7511621F423DD0050A2B5 /* MainUICamera.swift */; };
		17D7511921F461DA0050A2B5 /* DepthToGrayscaleConverter.swift in Sources */ = {isa = PBXBuildFile; fileRef = 17D7511821F461DA0050A2B5 /* DepthToGrayscaleConverter.swift */; };
		17D7511C21F462CE0050A2B5 /* MinMaxFromBuffer.m in Sources */ = {isa = PBXBuildFile; fileRef = 17D7511B21F462CE0050A2B5 /* MinMaxFromBuffer.m */; };
		17D7512021F466AE0050A2B5 /* RosyEffect.metal in Sources */ = {isa = PBXBuildFile; fileRef = 17D7511F21F466AE0050A2B5 /* RosyEffect.metal */; };
		17D7512221F466CF0050A2B5 /* DepthToGrayscale.metal in Sources */ = {isa = PBXBuildFile; fileRef = 17D7512121F466CF0050A2B5 /* DepthToGrayscale.metal */; };
		17D7512621F497DF0050A2B5 /* FilterParent.swift in Sources */ = {isa = PBXBuildFile; fileRef = 17D7512521F497DF0050A2B5 /* FilterParent.swift */; };
		17E15FE722053A620037B35F /* GrayscaleAdjustChannelMultipliersCode.swift in Sources */ = {isa = PBXBuildFile; fileRef = 17E15FE622053A620037B35F /* GrayscaleAdjustChannelMultipliersCode.swift */; };
		17E15FEA220562890037B35F /* DesaturateSettingsUI.storyboard in Resources */ = {isa = PBXBuildFile; fileRef = 17E15FE9220562890037B35F /* DesaturateSettingsUI.storyboard */; };
		17E15FEC2205638F0037B35F /* DesaturateSettingsUICode.swift in Sources */ = {isa = PBXBuildFile; fileRef = 17E15FEB2205638F0037B35F /* DesaturateSettingsUICode.swift */; };
		17E15FEF220575DD0037B35F /* MirroringFilterSettingsUI.storyboard in Resources */ = {isa = PBXBuildFile; fileRef = 17E15FEE220575DD0037B35F /* MirroringFilterSettingsUI.storyboard */; };
		17E15FF122057E5E0037B35F /* Mirroring.metal in Sources */ = {isa = PBXBuildFile; fileRef = 17E15FF022057E5E0037B35F /* Mirroring.metal */; };
		17E15FF4220585950037B35F /* MirroringParameters.swift in Sources */ = {isa = PBXBuildFile; fileRef = 17E15FF3220585950037B35F /* MirroringParameters.swift */; };
		17E15FF6220585EE0037B35F /* MirroringDistortion.swift in Sources */ = {isa = PBXBuildFile; fileRef = 17E15FF5220585EE0037B35F /* MirroringDistortion.swift */; };
		17E15FF822058C5A0037B35F /* MirroringFilterSettingsUICode.swift in Sources */ = {isa = PBXBuildFile; fileRef = 17E15FF722058C5A0037B35F /* MirroringFilterSettingsUICode.swift */; };
		17E1856721F2C8E800192D03 /* FilterCell.swift in Sources */ = {isa = PBXBuildFile; fileRef = 17E1856621F2C8E800192D03 /* FilterCell.swift */; };
		17E9F0DD2201719600BA7B46 /* FilterSettingsUI.storyboard in Resources */ = {isa = PBXBuildFile; fileRef = 17E9F0DC2201719600BA7B46 /* FilterSettingsUI.storyboard */; };
		17E9F0E1220173CD00BA7B46 /* KuwaharaFilterSettingsUI.storyboard in Resources */ = {isa = PBXBuildFile; fileRef = 17E9F0E0220173CD00BA7B46 /* KuwaharaFilterSettingsUI.storyboard */; };
		17E9F0E52201784700BA7B46 /* KuwaharaFilterSettingsCode.swift in Sources */ = {isa = PBXBuildFile; fileRef = 17E9F0E42201784700BA7B46 /* KuwaharaFilterSettingsCode.swift */; };
		17E9F0E722017E9600BA7B46 /* FilterSettingsUICode.swift in Sources */ = {isa = PBXBuildFile; fileRef = 17E9F0E622017E9600BA7B46 /* FilterSettingsUICode.swift */; };
		17EC44CE21F0245100197804 /* XRay.swift in Sources */ = {isa = PBXBuildFile; fileRef = 17EC44CD21F0245100197804 /* XRay.swift */; };
		17EC44D021F0250C00197804 /* Comic.swift in Sources */ = {isa = PBXBuildFile; fileRef = 17EC44CF21F0250C00197804 /* Comic.swift */; };
		17EC44D221F027B500197804 /* LineOverlay.swift in Sources */ = {isa = PBXBuildFile; fileRef = 17EC44D121F027B500197804 /* LineOverlay.swift */; };
		17EC44D421F05B6600197804 /* FilterSelectorBlock.swift in Sources */ = {isa = PBXBuildFile; fileRef = 17EC44D321F05B6600197804 /* FilterSelectorBlock.swift */; };
		17F51B0121E9E44F00843092 /* BackgroundServer.swift in Sources */ = {isa = PBXBuildFile; fileRef = 17F51B0021E9E44F00843092 /* BackgroundServer.swift */; };
		17F51B0321E9E86F00843092 /* Times.swift in Sources */ = {isa = PBXBuildFile; fileRef = 17F51B0221E9E86E00843092 /* Times.swift */; };
		17F51B0521EA03EB00843092 /* Settings.storyboard in Resources */ = {isa = PBXBuildFile; fileRef = 17F51B0421EA03EB00843092 /* Settings.storyboard */; };
		17FA09A621E863C800405B2D /* Pixelator.swift in Sources */ = {isa = PBXBuildFile; fileRef = 17FA09A521E863C800405B2D /* Pixelator.swift */; };
		17FA09A821E8814700405B2D /* ExtensionMethods.swift in Sources */ = {isa = PBXBuildFile; fileRef = 17FA09A721E8814700405B2D /* ExtensionMethods.swift */; };
		17FA09AC21E8A6B700405B2D /* PixelatorKernel.metal in Sources */ = {isa = PBXBuildFile; fileRef = 17FA09AB21E8A6B700405B2D /* PixelatorKernel.metal */; };
		17FA09AE21E8A8DD00405B2D /* PixelatorKernel.swift in Sources */ = {isa = PBXBuildFile; fileRef = 17FA09AD21E8A8DD00405B2D /* PixelatorKernel.swift */; };
/* End PBXBuildFile section */

/* Begin PBXFileReference section */
		17020ED821FDD25D006DE7ED /* GrayscaleKernel.metal */ = {isa = PBXFileReference; lastKnownFileType = sourcecode.metal; path = GrayscaleKernel.metal; sourceTree = "<group>"; };
		17020EDA21FDD607006DE7ED /* GrayscaleKernelParameters.swift */ = {isa = PBXFileReference; lastKnownFileType = sourcecode.swift; path = GrayscaleKernelParameters.swift; sourceTree = "<group>"; };
		17020EDC21FDD6C5006DE7ED /* GrayscaleAdjust.swift */ = {isa = PBXFileReference; lastKnownFileType = sourcecode.swift; path = GrayscaleAdjust.swift; sourceTree = "<group>"; };
		171D625621ED974A004D3545 /* Renderer.swift */ = {isa = PBXFileReference; lastKnownFileType = sourcecode.swift; path = Renderer.swift; sourceTree = "<group>"; };
		171D625821ED98AE004D3545 /* Noir.swift */ = {isa = PBXFileReference; lastKnownFileType = sourcecode.swift; path = Noir.swift; sourceTree = "<group>"; };
		171D625A21EDA5B6004D3545 /* PreviewMetalView.swift */ = {isa = PBXFileReference; lastKnownFileType = sourcecode.swift; path = PreviewMetalView.swift; sourceTree = "<group>"; };
		171D625D21EDB446004D3545 /* PassThrough.metal */ = {isa = PBXFileReference; lastKnownFileType = sourcecode.metal; path = PassThrough.metal; sourceTree = "<group>"; };
		171D625F21EDB46D004D3545 /* Mixer.metal */ = {isa = PBXFileReference; lastKnownFileType = sourcecode.metal; path = Mixer.metal; sourceTree = "<group>"; };
		171D626121EDB66F004D3545 /* DotScreen.swift */ = {isa = PBXFileReference; lastKnownFileType = sourcecode.swift; path = DotScreen.swift; sourceTree = "<group>"; };
		171D626321EDBE4B004D3545 /* RenderPacket.swift */ = {isa = PBXFileReference; lastKnownFileType = sourcecode.swift; path = RenderPacket.swift; sourceTree = "<group>"; };
		171D626521EDC409004D3545 /* FilterManager.swift */ = {isa = PBXFileReference; lastKnownFileType = sourcecode.swift; path = FilterManager.swift; sourceTree = "<group>"; };
		171D626721EDC45E004D3545 /* CameraFilter.swift */ = {isa = PBXFileReference; lastKnownFileType = sourcecode.swift; path = CameraFilter.swift; sourceTree = "<group>"; };
		171D626A21EDCE62004D3545 /* Pixellate.swift */ = {isa = PBXFileReference; lastKnownFileType = sourcecode.swift; path = Pixellate.swift; sourceTree = "<group>"; };
		171D626C21EDCF6D004D3545 /* LineScreen.swift */ = {isa = PBXFileReference; lastKnownFileType = sourcecode.swift; path = LineScreen.swift; sourceTree = "<group>"; };
		171D626E21EDD143004D3545 /* CircularScreen.swift */ = {isa = PBXFileReference; lastKnownFileType = sourcecode.swift; path = CircularScreen.swift; sourceTree = "<group>"; };
		171D627021EDD1C2004D3545 /* HatchScreen.swift */ = {isa = PBXFileReference; lastKnownFileType = sourcecode.swift; path = HatchScreen.swift; sourceTree = "<group>"; };
		171D627221EDD415004D3545 /* CMYKHalftone.swift */ = {isa = PBXFileReference; lastKnownFileType = sourcecode.swift; path = CMYKHalftone.swift; sourceTree = "<group>"; };
		171D627521EDD52D004D3545 /* CircleAndLines.swift */ = {isa = PBXFileReference; lastKnownFileType = sourcecode.swift; path = CircleAndLines.swift; sourceTree = "<group>"; };
		171D627721EDF017004D3545 /* PassThrough.swift */ = {isa = PBXFileReference; lastKnownFileType = sourcecode.swift; path = PassThrough.swift; sourceTree = "<group>"; };
		171E542321E44E170045ED77 /* BumpCamera.app */ = {isa = PBXFileReference; explicitFileType = wrapper.application; includeInIndex = 0; path = BumpCamera.app; sourceTree = BUILT_PRODUCTS_DIR; };
		171E542621E44E170045ED77 /* AppDelegate.swift */ = {isa = PBXFileReference; lastKnownFileType = sourcecode.swift; path = AppDelegate.swift; sourceTree = "<group>"; };
		171E542821E44E170045ED77 /* MainUIViewer.swift */ = {isa = PBXFileReference; lastKnownFileType = sourcecode.swift; path = MainUIViewer.swift; sourceTree = "<group>"; };
		171E542B21E44E170045ED77 /* Base */ = {isa = PBXFileReference; lastKnownFileType = file.storyboard; name = Base; path = Base.lproj/Main.storyboard; sourceTree = "<group>"; };
		171E542D21E44E180045ED77 /* Assets.xcassets */ = {isa = PBXFileReference; lastKnownFileType = folder.assetcatalog; path = Assets.xcassets; sourceTree = "<group>"; };
		171E543021E44E180045ED77 /* Base */ = {isa = PBXFileReference; lastKnownFileType = file.storyboard; name = Base; path = Base.lproj/LaunchScreen.storyboard; sourceTree = "<group>"; };
		171E543221E44E180045ED77 /* Info.plist */ = {isa = PBXFileReference; lastKnownFileType = text.plist.xml; path = Info.plist; sourceTree = "<group>"; };
		171F3CEE220861800098E2B7 /* GridGenerator.metal */ = {isa = PBXFileReference; lastKnownFileType = sourcecode.metal; path = GridGenerator.metal; sourceTree = "<group>"; };
		171F3CF0220862B70098E2B7 /* GridParameters.swift */ = {isa = PBXFileReference; lastKnownFileType = sourcecode.swift; path = GridParameters.swift; sourceTree = "<group>"; };
		171F3CF3220863760098E2B7 /* GridGenerator.swift */ = {isa = PBXFileReference; lastKnownFileType = sourcecode.swift; path = GridGenerator.swift; sourceTree = "<group>"; };
		1726241421F840D200C7688C /* PixellateTableCode.swift */ = {isa = PBXFileReference; lastKnownFileType = sourcecode.swift; path = PixellateTableCode.swift; sourceTree = "<group>"; };
		1726241621F840E500C7688C /* PixellateTable.storyboard */ = {isa = PBXFileReference; lastKnownFileType = file.storyboard; path = PixellateTable.storyboard; sourceTree = "<group>"; };
		1726241921F844DF00C7688C /* FilterTableBase.swift */ = {isa = PBXFileReference; lastKnownFileType = sourcecode.swift; path = FilterTableBase.swift; sourceTree = "<group>"; };
		1726242021F8503E00C7688C /* NewFieldSettingProtocol.swift */ = {isa = PBXFileReference; lastKnownFileType = sourcecode.swift; path = NewFieldSettingProtocol.swift; sourceTree = "<group>"; };
		1726243121F8640100C7688C /* Numeric.swift */ = {isa = PBXFileReference; lastKnownFileType = sourcecode.swift; path = Numeric.swift; sourceTree = "<group>"; };
		1726243321F8964E00C7688C /* HSBAdjust.swift */ = {isa = PBXFileReference; lastKnownFileType = sourcecode.swift; path = HSBAdjust.swift; sourceTree = "<group>"; };
		172D98C821F9A53A005A5275 /* ChannelMixer.swift */ = {isa = PBXFileReference; lastKnownFileType = sourcecode.swift; path = ChannelMixer.swift; sourceTree = "<group>"; };
		1739EACF21E7563300407556 /* ImageFilterer.swift */ = {isa = PBXFileReference; lastKnownFileType = sourcecode.swift; path = ImageFilterer.swift; sourceTree = "<group>"; };
		173B16A32201437B005A5B0B /* Pixellate2TableCode.swift */ = {isa = PBXFileReference; lastKnownFileType = sourcecode.swift; path = Pixellate2TableCode.swift; sourceTree = "<group>"; };
		173B16A522014F8B005A5B0B /* HighlightBrightness.swift */ = {isa = PBXFileReference; lastKnownFileType = sourcecode.swift; path = HighlightBrightness.swift; sourceTree = "<group>"; };
		173B16A722015766005A5B0B /* About.storyboard */ = {isa = PBXFileReference; lastKnownFileType = file.storyboard; path = About.storyboard; sourceTree = "<group>"; };
		173F632C21FFFBEE006CB67C /* BlockInfoParameters.swift */ = {isa = PBXFileReference; lastKnownFileType = sourcecode.swift; path = BlockInfoParameters.swift; sourceTree = "<group>"; };
		173F632E22000045006CB67C /* PixellateMetalTable.storyboard */ = {isa = PBXFileReference; lastKnownFileType = file.storyboard; path = PixellateMetalTable.storyboard; sourceTree = "<group>"; };
		173F6330220001FD006CB67C /* PixellateMetalTableCode.swift */ = {isa = PBXFileReference; lastKnownFileType = sourcecode.swift; path = PixellateMetalTableCode.swift; sourceTree = "<group>"; };
		173F633322001800006CB67C /* Pixellate2Table.storyboard */ = {isa = PBXFileReference; lastKnownFileType = file.storyboard; path = Pixellate2Table.storyboard; sourceTree = "<group>"; };
		174779F722042FEC00FD64EF /* NoParametersSettingsUI.storyboard */ = {isa = PBXFileReference; lastKnownFileType = file.storyboard; path = NoParametersSettingsUI.storyboard; sourceTree = "<group>"; };
		174779F92204309600FD64EF /* NoParametersSettingsUICode.swift */ = {isa = PBXFileReference; lastKnownFileType = sourcecode.swift; path = NoParametersSettingsUICode.swift; sourceTree = "<group>"; };
		174779FB2204338600FD64EF /* CollapsibleHeader.swift */ = {isa = PBXFileReference; lastKnownFileType = sourcecode.swift; path = CollapsibleHeader.swift; sourceTree = "<group>"; };
		174779FD220433CB00FD64EF /* CollapsibleTableViewHeaderDelegate.swift */ = {isa = PBXFileReference; lastKnownFileType = sourcecode.swift; path = CollapsibleTableViewHeaderDelegate.swift; sourceTree = "<group>"; };
		174779FF22048C6600FD64EF /* FilterSectionData.swift */ = {isa = PBXFileReference; lastKnownFileType = sourcecode.swift; path = FilterSectionData.swift; sourceTree = "<group>"; };
		17477A0222049B1500FD64EF /* GrayscaleSettingsUI.storyboard */ = {isa = PBXFileReference; lastKnownFileType = file.storyboard; path = GrayscaleSettingsUI.storyboard; sourceTree = "<group>"; };
		174D6D5A220803E70066AE93 /* GroupNodeManager.swift */ = {isa = PBXFileReference; lastKnownFileType = sourcecode.swift; path = GroupNodeManager.swift; sourceTree = "<group>"; };
		174D6D5C220804000066AE93 /* GroupNode.swift */ = {isa = PBXFileReference; lastKnownFileType = sourcecode.swift; path = GroupNode.swift; sourceTree = "<group>"; };
		174D6D5E220804AC0066AE93 /* FilterNode.swift */ = {isa = PBXFileReference; lastKnownFileType = sourcecode.swift; path = FilterNode.swift; sourceTree = "<group>"; };
		1756CDF121FD60B300C4E638 /* RGBtoRGB.metal */ = {isa = PBXFileReference; lastKnownFileType = sourcecode.metal; path = RGBtoRGB.metal; sourceTree = "<group>"; };
		1756CDF321FD61C700C4E638 /* RelativeStrengthParameters.swift */ = {isa = PBXFileReference; lastKnownFileType = sourcecode.swift; path = RelativeStrengthParameters.swift; sourceTree = "<group>"; };
		1756CDF521FD629800C4E638 /* RGBtoRBG.metal */ = {isa = PBXFileReference; lastKnownFileType = sourcecode.metal; path = RGBtoRBG.metal; sourceTree = "<group>"; };
		1756CDF721FD62E700C4E638 /* RGBtoGRB.metal */ = {isa = PBXFileReference; lastKnownFileType = sourcecode.metal; path = RGBtoGRB.metal; sourceTree = "<group>"; };
		1756CDF921FD633C00C4E638 /* RGBtoGBR.metal */ = {isa = PBXFileReference; lastKnownFileType = sourcecode.metal; path = RGBtoGBR.metal; sourceTree = "<group>"; };
		1756CDFB21FD638F00C4E638 /* RGBtoBRG.metal */ = {isa = PBXFileReference; lastKnownFileType = sourcecode.metal; path = RGBtoBRG.metal; sourceTree = "<group>"; };
		1756CDFD21FD63D800C4E638 /* RGBtoBGR.metal */ = {isa = PBXFileReference; lastKnownFileType = sourcecode.metal; path = RGBtoBGR.metal; sourceTree = "<group>"; };
		1756CE0021FD646600C4E638 /* RGBtoHSB.metal */ = {isa = PBXFileReference; lastKnownFileType = sourcecode.metal; path = RGBtoHSB.metal; sourceTree = "<group>"; };
		1756CE0521FD734600C4E638 /* RGBtoHBS.metal */ = {isa = PBXFileReference; lastKnownFileType = sourcecode.metal; path = RGBtoHBS.metal; sourceTree = "<group>"; };
		1756CE0721FD737100C4E638 /* RGBtoSHB.metal */ = {isa = PBXFileReference; lastKnownFileType = sourcecode.metal; path = RGBtoSHB.metal; sourceTree = "<group>"; };
		1756CE0921FD73AA00C4E638 /* RGBtoSBH.metal */ = {isa = PBXFileReference; lastKnownFileType = sourcecode.metal; path = RGBtoSBH.metal; sourceTree = "<group>"; };
		1756CE0B21FD73D200C4E638 /* RGBtoBHS.metal */ = {isa = PBXFileReference; lastKnownFileType = sourcecode.metal; path = RGBtoBHS.metal; sourceTree = "<group>"; };
		1756CE0D21FD740300C4E638 /* RGBtoBSH.metal */ = {isa = PBXFileReference; lastKnownFileType = sourcecode.metal; path = RGBtoBSH.metal; sourceTree = "<group>"; };
		1756CE0F21FD860A00C4E638 /* RGBSwizzling.metal */ = {isa = PBXFileReference; lastKnownFileType = sourcecode.metal; path = RGBSwizzling.metal; sourceTree = "<group>"; };
		1756CE1121FD874800C4E638 /* ChannelSwizzleParameters.swift */ = {isa = PBXFileReference; lastKnownFileType = sourcecode.swift; path = ChannelSwizzleParameters.swift; sourceTree = "<group>"; };
		1756CE1321FD87CB00C4E638 /* HSBSwizzling.metal */ = {isa = PBXFileReference; lastKnownFileType = sourcecode.metal; path = HSBSwizzling.metal; sourceTree = "<group>"; };
		1756F1182204A37100CC655D /* GrayscaleSettingsUICode.swift */ = {isa = PBXFileReference; lastKnownFileType = sourcecode.swift; path = GrayscaleSettingsUICode.swift; sourceTree = "<group>"; };
		175E260D21F4A5AB00B6BF8F /* HueAdjust.swift */ = {isa = PBXFileReference; lastKnownFileType = sourcecode.swift; path = HueAdjust.swift; sourceTree = "<group>"; };
		1764FA8921F1E6F90059FAFD /* FilterSettings.swift */ = {isa = PBXFileReference; lastKnownFileType = sourcecode.swift; path = FilterSettings.swift; sourceTree = "<group>"; };
		17787F012202C43900D15761 /* HSBFilterSettingsUI.storyboard */ = {isa = PBXFileReference; lastKnownFileType = file.storyboard; path = HSBFilterSettingsUI.storyboard; sourceTree = "<group>"; };
		17787F032202C6AE00D15761 /* HSBFilterSettingsUICode.swift */ = {isa = PBXFileReference; lastKnownFileType = sourcecode.swift; path = HSBFilterSettingsUICode.swift; sourceTree = "<group>"; };
		17787F062202DC2A00D15761 /* ChannelMixerSettingsUI.storyboard */ = {isa = PBXFileReference; lastKnownFileType = file.storyboard; path = ChannelMixerSettingsUI.storyboard; sourceTree = "<group>"; };
		17787F082202E2E400D15761 /* ChannelMixerSettingsUICode.swift */ = {isa = PBXFileReference; lastKnownFileType = sourcecode.swift; path = ChannelMixerSettingsUICode.swift; sourceTree = "<group>"; };
		17787F0B2203069A00D15761 /* HalftoneSettingsUI.storyboard */ = {isa = PBXFileReference; lastKnownFileType = file.storyboard; path = HalftoneSettingsUI.storyboard; sourceTree = "<group>"; };
		17787F0D22031BD100D15761 /* HalftoneSettingsUICode.swift */ = {isa = PBXFileReference; lastKnownFileType = sourcecode.swift; path = HalftoneSettingsUICode.swift; sourceTree = "<group>"; };
		178C75BB21F3247E00844FFF /* MTLKitExtension.swift */ = {isa = PBXFileReference; lastKnownFileType = sourcecode.swift; path = MTLKitExtension.swift; sourceTree = "<group>"; };
		178C75BD21F337C100844FFF /* AVCaptureVideoOrientationExtension.swift */ = {isa = PBXFileReference; lastKnownFileType = sourcecode.swift; path = AVCaptureVideoOrientationExtension.swift; sourceTree = "<group>"; };
		178CF92521F5B98D007229FD /* ParameterManager.swift */ = {isa = PBXFileReference; lastKnownFileType = sourcecode.swift; path = ParameterManager.swift; sourceTree = "<group>"; };
		178CF92721F5F286007229FD /* FilterManagerEnums.swift */ = {isa = PBXFileReference; lastKnownFileType = sourcecode.swift; path = FilterManagerEnums.swift; sourceTree = "<group>"; };
		1799C89521FF15750069D5AC /* Pixellatekernel.metal */ = {isa = PBXFileReference; lastKnownFileType = sourcecode.metal; path = Pixellatekernel.metal; sourceTree = "<group>"; };
		1799C89721FF17260069D5AC /* KuwaharaKernel.metal */ = {isa = PBXFileReference; lastKnownFileType = sourcecode.metal; path = KuwaharaKernel.metal; sourceTree = "<group>"; };
		1799C89921FF1B890069D5AC /* KuwaharaEffect.swift */ = {isa = PBXFileReference; lastKnownFileType = sourcecode.swift; path = KuwaharaEffect.swift; sourceTree = "<group>"; };
		1799C8A121FF2F9C0069D5AC /* Pixellate_Metal.swift */ = {isa = PBXFileReference; lastKnownFileType = sourcecode.swift; path = Pixellate_Metal.swift; sourceTree = "<group>"; };
		179B599321EF0AC200905058 /* FilterCollectionCell.swift */ = {isa = PBXFileReference; lastKnownFileType = sourcecode.swift; path = FilterCollectionCell.swift; sourceTree = "<group>"; };
		17A409D62201E941003D4EC6 /* FilterSettingUIBase.swift */ = {isa = PBXFileReference; lastKnownFileType = sourcecode.swift; path = FilterSettingUIBase.swift; sourceTree = "<group>"; };
		17A686E821F81E5B00F252CA /* HueAdjustTable.storyboard */ = {isa = PBXFileReference; lastKnownFileType = file.storyboard; path = HueAdjustTable.storyboard; sourceTree = "<group>"; };
		17A686EA21F824AA00F252CA /* HueAdustTableCode.swift */ = {isa = PBXFileReference; lastKnownFileType = sourcecode.swift; path = HueAdustTableCode.swift; sourceTree = "<group>"; };
		17B2ED8321F1A5CF00E3B56A /* MainSettings.swift */ = {isa = PBXFileReference; lastKnownFileType = sourcecode.swift; path = MainSettings.swift; sourceTree = "<group>"; };
		17BEE0B121FC20FF00A9370B /* DesaturateColors.swift */ = {isa = PBXFileReference; lastKnownFileType = sourcecode.swift; path = DesaturateColors.swift; sourceTree = "<group>"; };
		17BEE0B321FC2F8500A9370B /* DesaturationKernelParameters.swift */ = {isa = PBXFileReference; lastKnownFileType = sourcecode.swift; path = DesaturationKernelParameters.swift; sourceTree = "<group>"; };
		17BEE0B621FC452F00A9370B /* DesaturateColorsTable.storyboard */ = {isa = PBXFileReference; lastKnownFileType = file.storyboard; path = DesaturateColorsTable.storyboard; sourceTree = "<group>"; };
		17BEE0B821FC459900A9370B /* DesaturateColorsTableCode.swift */ = {isa = PBXFileReference; lastKnownFileType = sourcecode.swift; path = DesaturateColorsTableCode.swift; sourceTree = "<group>"; };
		17D5F32421FC1DC00093DFFF /* DesaturationKernel.metal */ = {isa = PBXFileReference; lastKnownFileType = sourcecode.metal; path = DesaturationKernel.metal; sourceTree = "<group>"; };
		17D7510721F410BF0050A2B5 /* MainUIFilterSelection.swift */ = {isa = PBXFileReference; lastKnownFileType = sourcecode.swift; path = MainUIFilterSelection.swift; sourceTree = "<group>"; };
		17D7510921F414390050A2B5 /* MainUILabelManagement.swift */ = {isa = PBXFileReference; lastKnownFileType = sourcecode.swift; path = MainUILabelManagement.swift; sourceTree = "<group>"; };
		17D7510B21F418430050A2B5 /* MainUIObserving.swift */ = {isa = PBXFileReference; lastKnownFileType = sourcecode.swift; path = MainUIObserving.swift; sourceTree = "<group>"; };
		17D7510D21F41ACD0050A2B5 /* MainUISettings.swift */ = {isa = PBXFileReference; lastKnownFileType = sourcecode.swift; path = MainUISettings.swift; sourceTree = "<group>"; };
		17D7511021F41BB90050A2B5 /* MainUIJpegDataClass.swift */ = {isa = PBXFileReference; lastKnownFileType = sourcecode.swift; path = MainUIJpegDataClass.swift; sourceTree = "<group>"; };
		17D7511221F41CD40050A2B5 /* MainUIPhoto.swift */ = {isa = PBXFileReference; lastKnownFileType = sourcecode.swift; path = MainUIPhoto.swift; sourceTree = "<group>"; };
		17D7511421F41DE40050A2B5 /* MainUIDebug.swift */ = {isa = PBXFileReference; lastKnownFileType = sourcecode.swift; path = MainUIDebug.swift; sourceTree = "<group>"; };
		17D7511621F423DD0050A2B5 /* MainUICamera.swift */ = {isa = PBXFileReference; lastKnownFileType = sourcecode.swift; path = MainUICamera.swift; sourceTree = "<group>"; };
		17D7511821F461DA0050A2B5 /* DepthToGrayscaleConverter.swift */ = {isa = PBXFileReference; lastKnownFileType = sourcecode.swift; path = DepthToGrayscaleConverter.swift; sourceTree = "<group>"; };
		17D7511A21F462CD0050A2B5 /* BumpCamera-Bridging-Header.h */ = {isa = PBXFileReference; lastKnownFileType = sourcecode.c.h; path = "BumpCamera-Bridging-Header.h"; sourceTree = "<group>"; };
		17D7511B21F462CE0050A2B5 /* MinMaxFromBuffer.m */ = {isa = PBXFileReference; lastKnownFileType = sourcecode.c.objc; path = MinMaxFromBuffer.m; sourceTree = "<group>"; };
		17D7511E21F4637B0050A2B5 /* MinMaxFromBuffer.h */ = {isa = PBXFileReference; fileEncoding = 4; lastKnownFileType = sourcecode.c.h; path = MinMaxFromBuffer.h; sourceTree = "<group>"; };
		17D7511F21F466AE0050A2B5 /* RosyEffect.metal */ = {isa = PBXFileReference; lastKnownFileType = sourcecode.metal; path = RosyEffect.metal; sourceTree = "<group>"; };
		17D7512121F466CF0050A2B5 /* DepthToGrayscale.metal */ = {isa = PBXFileReference; lastKnownFileType = sourcecode.metal; path = DepthToGrayscale.metal; sourceTree = "<group>"; };
		17D7512521F497DF0050A2B5 /* FilterParent.swift */ = {isa = PBXFileReference; lastKnownFileType = sourcecode.swift; path = FilterParent.swift; sourceTree = "<group>"; };
		17E15FE622053A620037B35F /* GrayscaleAdjustChannelMultipliersCode.swift */ = {isa = PBXFileReference; lastKnownFileType = sourcecode.swift; path = GrayscaleAdjustChannelMultipliersCode.swift; sourceTree = "<group>"; };
		17E15FE9220562890037B35F /* DesaturateSettingsUI.storyboard */ = {isa = PBXFileReference; lastKnownFileType = file.storyboard; path = DesaturateSettingsUI.storyboard; sourceTree = "<group>"; };
		17E15FEB2205638F0037B35F /* DesaturateSettingsUICode.swift */ = {isa = PBXFileReference; lastKnownFileType = sourcecode.swift; path = DesaturateSettingsUICode.swift; sourceTree = "<group>"; };
		17E15FEE220575DD0037B35F /* MirroringFilterSettingsUI.storyboard */ = {isa = PBXFileReference; lastKnownFileType = file.storyboard; path = MirroringFilterSettingsUI.storyboard; sourceTree = "<group>"; };
		17E15FF022057E5E0037B35F /* Mirroring.metal */ = {isa = PBXFileReference; lastKnownFileType = sourcecode.metal; path = Mirroring.metal; sourceTree = "<group>"; };
		17E15FF3220585950037B35F /* MirroringParameters.swift */ = {isa = PBXFileReference; lastKnownFileType = sourcecode.swift; path = MirroringParameters.swift; sourceTree = "<group>"; };
		17E15FF5220585EE0037B35F /* MirroringDistortion.swift */ = {isa = PBXFileReference; lastKnownFileType = sourcecode.swift; path = MirroringDistortion.swift; sourceTree = "<group>"; };
		17E15FF722058C5A0037B35F /* MirroringFilterSettingsUICode.swift */ = {isa = PBXFileReference; lastKnownFileType = sourcecode.swift; path = MirroringFilterSettingsUICode.swift; sourceTree = "<group>"; };
		17E1856621F2C8E800192D03 /* FilterCell.swift */ = {isa = PBXFileReference; lastKnownFileType = sourcecode.swift; path = FilterCell.swift; sourceTree = "<group>"; };
		17E9F0DC2201719600BA7B46 /* FilterSettingsUI.storyboard */ = {isa = PBXFileReference; lastKnownFileType = file.storyboard; path = FilterSettingsUI.storyboard; sourceTree = "<group>"; };
		17E9F0E0220173CD00BA7B46 /* KuwaharaFilterSettingsUI.storyboard */ = {isa = PBXFileReference; lastKnownFileType = file.storyboard; path = KuwaharaFilterSettingsUI.storyboard; sourceTree = "<group>"; };
		17E9F0E42201784700BA7B46 /* KuwaharaFilterSettingsCode.swift */ = {isa = PBXFileReference; lastKnownFileType = sourcecode.swift; path = KuwaharaFilterSettingsCode.swift; sourceTree = "<group>"; };
		17E9F0E622017E9600BA7B46 /* FilterSettingsUICode.swift */ = {isa = PBXFileReference; lastKnownFileType = sourcecode.swift; path = FilterSettingsUICode.swift; sourceTree = "<group>"; };
		17EC44CD21F0245100197804 /* XRay.swift */ = {isa = PBXFileReference; lastKnownFileType = sourcecode.swift; path = XRay.swift; sourceTree = "<group>"; };
		17EC44CF21F0250C00197804 /* Comic.swift */ = {isa = PBXFileReference; lastKnownFileType = sourcecode.swift; path = Comic.swift; sourceTree = "<group>"; };
		17EC44D121F027B500197804 /* LineOverlay.swift */ = {isa = PBXFileReference; lastKnownFileType = sourcecode.swift; path = LineOverlay.swift; sourceTree = "<group>"; };
		17EC44D321F05B6600197804 /* FilterSelectorBlock.swift */ = {isa = PBXFileReference; lastKnownFileType = sourcecode.swift; path = FilterSelectorBlock.swift; sourceTree = "<group>"; };
		17F51B0021E9E44F00843092 /* BackgroundServer.swift */ = {isa = PBXFileReference; lastKnownFileType = sourcecode.swift; path = BackgroundServer.swift; sourceTree = "<group>"; };
		17F51B0221E9E86E00843092 /* Times.swift */ = {isa = PBXFileReference; lastKnownFileType = sourcecode.swift; path = Times.swift; sourceTree = "<group>"; };
		17F51B0421EA03EB00843092 /* Settings.storyboard */ = {isa = PBXFileReference; lastKnownFileType = file.storyboard; path = Settings.storyboard; sourceTree = "<group>"; };
		17FA09A521E863C800405B2D /* Pixelator.swift */ = {isa = PBXFileReference; lastKnownFileType = sourcecode.swift; path = Pixelator.swift; sourceTree = "<group>"; };
		17FA09A721E8814700405B2D /* ExtensionMethods.swift */ = {isa = PBXFileReference; lastKnownFileType = sourcecode.swift; path = ExtensionMethods.swift; sourceTree = "<group>"; };
		17FA09AB21E8A6B700405B2D /* PixelatorKernel.metal */ = {isa = PBXFileReference; lastKnownFileType = sourcecode.metal; path = PixelatorKernel.metal; sourceTree = "<group>"; };
		17FA09AD21E8A8DD00405B2D /* PixelatorKernel.swift */ = {isa = PBXFileReference; lastKnownFileType = sourcecode.swift; path = PixelatorKernel.swift; sourceTree = "<group>"; };
/* End PBXFileReference section */

/* Begin PBXFrameworksBuildPhase section */
		171E542021E44E170045ED77 /* Frameworks */ = {
			isa = PBXFrameworksBuildPhase;
			buildActionMask = 2147483647;
			files = (
			);
			runOnlyForDeploymentPostprocessing = 0;
		};
/* End PBXFrameworksBuildPhase section */

/* Begin PBXGroup section */
		17020EE121FDDC03006DE7ED /* Grayscale */ = {
			isa = PBXGroup;
			children = (
				17020EDA21FDD607006DE7ED /* GrayscaleKernelParameters.swift */,
				17020ED821FDD25D006DE7ED /* GrayscaleKernel.metal */,
			);
			path = Grayscale;
			sourceTree = "<group>";
		};
		17020EE221FDDC1C006DE7ED /* Desaturation */ = {
			isa = PBXGroup;
			children = (
				17BEE0B321FC2F8500A9370B /* DesaturationKernelParameters.swift */,
				17D5F32421FC1DC00093DFFF /* DesaturationKernel.metal */,
			);
			path = Desaturation;
			sourceTree = "<group>";
		};
		1712A85321FB23F4001E9D2B /* BumpyKernels */ = {
			isa = PBXGroup;
			children = (
				171E5B0C2205D09D004E60F1 /* Generators */,
				1799C89421FF15530069D5AC /* External */,
				17FA09AF21E8A8E400405B2D /* PixelatorKernel */,
				17020EE221FDDC1C006DE7ED /* Desaturation */,
				17020EE121FDDC03006DE7ED /* Grayscale */,
				17363C7E21FD5FE0004CF131 /* ChannelMixers */,
				17E15FF222057E630037B35F /* Mirroring */,
			);
			path = BumpyKernels;
			sourceTree = "<group>";
		};
		171D625521ED971C004D3545 /* Filters */ = {
			isa = PBXGroup;
			children = (
				171D626921EDCBAB004D3545 /* Manager */,
				1712A85321FB23F4001E9D2B /* BumpyKernels */,
				171D627421EDD4B2004D3545 /* Filters */,
			);
			path = Filters;
			sourceTree = "<group>";
		};
		171D625C21EDB409004D3545 /* Shaders */ = {
			isa = PBXGroup;
			children = (
				171D625D21EDB446004D3545 /* PassThrough.metal */,
				171D625F21EDB46D004D3545 /* Mixer.metal */,
				17D7511F21F466AE0050A2B5 /* RosyEffect.metal */,
				17D7512121F466CF0050A2B5 /* DepthToGrayscale.metal */,
			);
			path = Shaders;
			sourceTree = "<group>";
		};
		171D626921EDCBAB004D3545 /* Manager */ = {
			isa = PBXGroup;
			children = (
				179B599221EF0A9F00905058 /* FilterSelector */,
				171D626321EDBE4B004D3545 /* RenderPacket.swift */,
				178CF92521F5B98D007229FD /* ParameterManager.swift */,
				171D626521EDC409004D3545 /* FilterManager.swift */,
				178CF92721F5F286007229FD /* FilterManagerEnums.swift */,
				171D626721EDC45E004D3545 /* CameraFilter.swift */,
			);
			path = Manager;
			sourceTree = "<group>";
		};
		171D627421EDD4B2004D3545 /* Filters */ = {
			isa = PBXGroup;
			children = (
				171F3CF22208634F0098E2B7 /* Generators */,
				171D625621ED974A004D3545 /* Renderer.swift */,
				171D627721EDF017004D3545 /* PassThrough.swift */,
				171D625821ED98AE004D3545 /* Noir.swift */,
				171D626A21EDCE62004D3545 /* Pixellate.swift */,
				1799C8A121FF2F9C0069D5AC /* Pixellate_Metal.swift */,
				171D626121EDB66F004D3545 /* DotScreen.swift */,
				171D626C21EDCF6D004D3545 /* LineScreen.swift */,
				171D627021EDD1C2004D3545 /* HatchScreen.swift */,
				171D626E21EDD143004D3545 /* CircularScreen.swift */,
				171D627521EDD52D004D3545 /* CircleAndLines.swift */,
				171D627221EDD415004D3545 /* CMYKHalftone.swift */,
				17EC44D121F027B500197804 /* LineOverlay.swift */,
				175E260D21F4A5AB00B6BF8F /* HueAdjust.swift */,
				1726243321F8964E00C7688C /* HSBAdjust.swift */,
				172D98C821F9A53A005A5275 /* ChannelMixer.swift */,
				17EC44CD21F0245100197804 /* XRay.swift */,
				17BEE0B121FC20FF00A9370B /* DesaturateColors.swift */,
				1799C89921FF1B890069D5AC /* KuwaharaEffect.swift */,
				17020EDC21FDD6C5006DE7ED /* GrayscaleAdjust.swift */,
				17E15FF5220585EE0037B35F /* MirroringDistortion.swift */,
				17EC44CF21F0250C00197804 /* Comic.swift */,
				17D7512521F497DF0050A2B5 /* FilterParent.swift */,
			);
			path = Filters;
			sourceTree = "<group>";
		};
		171D627921EDF496004D3545 /* Main */ = {
			isa = PBXGroup;
			children = (
				171E542821E44E170045ED77 /* MainUIViewer.swift */,
				17D7510F21F41B820050A2B5 /* MainUIViewer Extensions */,
				171E542A21E44E170045ED77 /* Main.storyboard */,
				171E542621E44E170045ED77 /* AppDelegate.swift */,
				171E542F21E44E180045ED77 /* LaunchScreen.storyboard */,
			);
			path = Main;
			sourceTree = "<group>";
		};
		171E541A21E44E170045ED77 = {
			isa = PBXGroup;
			children = (
				171E542521E44E170045ED77 /* BumpCamera */,
				171E542421E44E170045ED77 /* Products */,
			);
			sourceTree = "<group>";
		};
		171E542421E44E170045ED77 /* Products */ = {
			isa = PBXGroup;
			children = (
				171E542321E44E170045ED77 /* BumpCamera.app */,
			);
			name = Products;
			sourceTree = "<group>";
		};
		171E542521E44E170045ED77 /* BumpCamera */ = {
			isa = PBXGroup;
			children = (
				171E542D21E44E180045ED77 /* Assets.xcassets */,
				171E543221E44E180045ED77 /* Info.plist */,
				171D627921EDF496004D3545 /* Main */,
				171D625521ED971C004D3545 /* Filters */,
				171D625C21EDB409004D3545 /* Shaders */,
				1739EACF21E7563300407556 /* ImageFilterer.swift */,
				17F51B0021E9E44F00843092 /* BackgroundServer.swift */,
				17D7512321F4679D0050A2B5 /* ObjectiveC */,
				17D7512421F46B4D0050A2B5 /* MiscellaneousExtensions */,
				17B2ED8221F1A5A700E3B56A /* SettingsUI */,
				171D625A21EDA5B6004D3545 /* PreviewMetalView.swift */,
				17F51B0221E9E86E00843092 /* Times.swift */,
				17D7511821F461DA0050A2B5 /* DepthToGrayscaleConverter.swift */,
				17D7511A21F462CD0050A2B5 /* BumpCamera-Bridging-Header.h */,
			);
			path = BumpCamera;
			sourceTree = "<group>";
		};
		171E5B0C2205D09D004E60F1 /* Generators */ = {
			isa = PBXGroup;
			children = (
				171E5B0D2205D0A9004E60F1 /* Grid */,
			);
			path = Generators;
			sourceTree = "<group>";
		};
		171E5B0D2205D0A9004E60F1 /* Grid */ = {
			isa = PBXGroup;
			children = (
				171F3CEE220861800098E2B7 /* GridGenerator.metal */,
				171F3CF0220862B70098E2B7 /* GridParameters.swift */,
			);
			path = Grid;
			sourceTree = "<group>";
		};
		171F3CF22208634F0098E2B7 /* Generators */ = {
			isa = PBXGroup;
			children = (
				171F3CF3220863760098E2B7 /* GridGenerator.swift */,
			);
			path = Generators;
			sourceTree = "<group>";
		};
		1726241321F840B100C7688C /* HueAdjust */ = {
			isa = PBXGroup;
			children = (
				17A686EA21F824AA00F252CA /* HueAdustTableCode.swift */,
				17A686E821F81E5B00F252CA /* HueAdjustTable.storyboard */,
			);
			path = HueAdjust;
			sourceTree = "<group>";
		};
		1726241821F840EB00C7688C /* Pixellate */ = {
			isa = PBXGroup;
			children = (
				1726241421F840D200C7688C /* PixellateTableCode.swift */,
				1726241621F840E500C7688C /* PixellateTable.storyboard */,
			);
			path = Pixellate;
			sourceTree = "<group>";
		};
		17363C7E21FD5FE0004CF131 /* ChannelMixers */ = {
			isa = PBXGroup;
			children = (
				1756CDEF21FD606200C4E638 /* RGB */,
			);
			name = ChannelMixers;
			path = "New Group";
			sourceTree = "<group>";
		};
		173F6332220017DE006CB67C /* Pixellate2 */ = {
			isa = PBXGroup;
			children = (
				173F633322001800006CB67C /* Pixellate2Table.storyboard */,
				173B16A32201437B005A5B0B /* Pixellate2TableCode.swift */,
				173B16A522014F8B005A5B0B /* HighlightBrightness.swift */,
			);
			path = Pixellate2;
			sourceTree = "<group>";
		};
		174779F622042FCD00FD64EF /* NoParameters */ = {
			isa = PBXGroup;
			children = (
				174779F722042FEC00FD64EF /* NoParametersSettingsUI.storyboard */,
				174779F92204309600FD64EF /* NoParametersSettingsUICode.swift */,
			);
			path = NoParameters;
			sourceTree = "<group>";
		};
		17477A0122049AEC00FD64EF /* Grayscale */ = {
			isa = PBXGroup;
			children = (
				17477A0222049B1500FD64EF /* GrayscaleSettingsUI.storyboard */,
				1756F1182204A37100CC655D /* GrayscaleSettingsUICode.swift */,
				17E15FE622053A620037B35F /* GrayscaleAdjustChannelMultipliersCode.swift */,
			);
			path = Grayscale;
			sourceTree = "<group>";
		};
		1756CDEF21FD606200C4E638 /* RGB */ = {
			isa = PBXGroup;
			children = (
				1756CDF321FD61C700C4E638 /* RelativeStrengthParameters.swift */,
				1756CE1121FD874800C4E638 /* ChannelSwizzleParameters.swift */,
				1756CDFF21FD645700C4E638 /* ToHSB */,
				1756CDF021FD609400C4E638 /* ToRGB */,
			);
			path = RGB;
			sourceTree = "<group>";
		};
		1756CDF021FD609400C4E638 /* ToRGB */ = {
			isa = PBXGroup;
			children = (
				1756CDF121FD60B300C4E638 /* RGBtoRGB.metal */,
				1756CDF521FD629800C4E638 /* RGBtoRBG.metal */,
				1756CDF721FD62E700C4E638 /* RGBtoGRB.metal */,
				1756CDF921FD633C00C4E638 /* RGBtoGBR.metal */,
				1756CDFB21FD638F00C4E638 /* RGBtoBRG.metal */,
				1756CDFD21FD63D800C4E638 /* RGBtoBGR.metal */,
				1756CE0F21FD860A00C4E638 /* RGBSwizzling.metal */,
			);
			path = ToRGB;
			sourceTree = "<group>";
		};
		1756CDFF21FD645700C4E638 /* ToHSB */ = {
			isa = PBXGroup;
			children = (
				1756CE0021FD646600C4E638 /* RGBtoHSB.metal */,
				1756CE0521FD734600C4E638 /* RGBtoHBS.metal */,
				1756CE0721FD737100C4E638 /* RGBtoSHB.metal */,
				1756CE0921FD73AA00C4E638 /* RGBtoSBH.metal */,
				1756CE0B21FD73D200C4E638 /* RGBtoBHS.metal */,
				1756CE0D21FD740300C4E638 /* RGBtoBSH.metal */,
				1756CE1321FD87CB00C4E638 /* HSBSwizzling.metal */,
			);
			path = ToHSB;
			sourceTree = "<group>";
		};
		17787EFE2202C3C700D15761 /* HSB */ = {
			isa = PBXGroup;
			children = (
				17787F012202C43900D15761 /* HSBFilterSettingsUI.storyboard */,
				17787F032202C6AE00D15761 /* HSBFilterSettingsUICode.swift */,
			);
			path = HSB;
			sourceTree = "<group>";
		};
		17787F052202DC0B00D15761 /* ChannelMixer */ = {
			isa = PBXGroup;
			children = (
				17787F062202DC2A00D15761 /* ChannelMixerSettingsUI.storyboard */,
				17787F082202E2E400D15761 /* ChannelMixerSettingsUICode.swift */,
			);
			path = ChannelMixer;
			sourceTree = "<group>";
		};
		17787F0A2203067E00D15761 /* Halftone */ = {
			isa = PBXGroup;
			children = (
				17787F0B2203069A00D15761 /* HalftoneSettingsUI.storyboard */,
				17787F0D22031BD100D15761 /* HalftoneSettingsUICode.swift */,
			);
			path = Halftone;
			sourceTree = "<group>";
		};
		1799C89421FF15530069D5AC /* External */ = {
			isa = PBXGroup;
			children = (
				1799C89521FF15750069D5AC /* Pixellatekernel.metal */,
				1799C89721FF17260069D5AC /* KuwaharaKernel.metal */,
				173F632C21FFFBEE006CB67C /* BlockInfoParameters.swift */,
			);
			path = External;
			sourceTree = "<group>";
		};
		1799C8A321FF326B0069D5AC /* Pixellate_Metal */ = {
			isa = PBXGroup;
			children = (
				173F6330220001FD006CB67C /* PixellateMetalTableCode.swift */,
				173F632E22000045006CB67C /* PixellateMetalTable.storyboard */,
			);
			path = Pixellate_Metal;
			sourceTree = "<group>";
		};
		179B599221EF0A9F00905058 /* FilterSelector */ = {
			isa = PBXGroup;
			children = (
				179B599321EF0AC200905058 /* FilterCollectionCell.swift */,
				17EC44D321F05B6600197804 /* FilterSelectorBlock.swift */,
				174D6D5A220803E70066AE93 /* GroupNodeManager.swift */,
				174D6D5C220804000066AE93 /* GroupNode.swift */,
				174D6D5E220804AC0066AE93 /* FilterNode.swift */,
			);
			path = FilterSelector;
			sourceTree = "<group>";
		};
		17A686E321F8166400F252CA /* FilterTables */ = {
			isa = PBXGroup;
			children = (
				17BEE0B521FC451800A9370B /* DesaturateColors */,
				1726241321F840B100C7688C /* HueAdjust */,
				1726241821F840EB00C7688C /* Pixellate */,
				173F6332220017DE006CB67C /* Pixellate2 */,
				1799C8A321FF326B0069D5AC /* Pixellate_Metal */,
				1726241921F844DF00C7688C /* FilterTableBase.swift */,
			);
			path = FilterTables;
			sourceTree = "<group>";
		};
		17B2ED8221F1A5A700E3B56A /* SettingsUI */ = {
			isa = PBXGroup;
			children = (
				17E9F0DE2201721F00BA7B46 /* FilterSettingUIs */,
				17A686E321F8166400F252CA /* FilterTables */,
				17F51B0421EA03EB00843092 /* Settings.storyboard */,
				173B16A722015766005A5B0B /* About.storyboard */,
				17B2ED8321F1A5CF00E3B56A /* MainSettings.swift */,
				1764FA8921F1E6F90059FAFD /* FilterSettings.swift */,
				1726242021F8503E00C7688C /* NewFieldSettingProtocol.swift */,
				17E1856621F2C8E800192D03 /* FilterCell.swift */,
			);
			path = SettingsUI;
			sourceTree = "<group>";
		};
		17BEE0B521FC451800A9370B /* DesaturateColors */ = {
			isa = PBXGroup;
			children = (
				17BEE0B821FC459900A9370B /* DesaturateColorsTableCode.swift */,
				17BEE0B621FC452F00A9370B /* DesaturateColorsTable.storyboard */,
			);
			path = DesaturateColors;
			sourceTree = "<group>";
		};
		17D7510F21F41B820050A2B5 /* MainUIViewer Extensions */ = {
			isa = PBXGroup;
			children = (
				17D7511621F423DD0050A2B5 /* MainUICamera.swift */,
				17D7511221F41CD40050A2B5 /* MainUIPhoto.swift */,
				17D7510D21F41ACD0050A2B5 /* MainUISettings.swift */,
				17D7510B21F418430050A2B5 /* MainUIObserving.swift */,
				17D7510721F410BF0050A2B5 /* MainUIFilterSelection.swift */,
				17D7511021F41BB90050A2B5 /* MainUIJpegDataClass.swift */,
				17D7510921F414390050A2B5 /* MainUILabelManagement.swift */,
				17D7511421F41DE40050A2B5 /* MainUIDebug.swift */,
			);
			path = "MainUIViewer Extensions";
			sourceTree = "<group>";
		};
		17D7512321F4679D0050A2B5 /* ObjectiveC */ = {
			isa = PBXGroup;
			children = (
				17D7511B21F462CE0050A2B5 /* MinMaxFromBuffer.m */,
				17D7511E21F4637B0050A2B5 /* MinMaxFromBuffer.h */,
			);
			name = ObjectiveC;
			path = "New Group";
			sourceTree = "<group>";
		};
		17D7512421F46B4D0050A2B5 /* MiscellaneousExtensions */ = {
			isa = PBXGroup;
			children = (
				17FA09A721E8814700405B2D /* ExtensionMethods.swift */,
				178C75BD21F337C100844FFF /* AVCaptureVideoOrientationExtension.swift */,
				178C75BB21F3247E00844FFF /* MTLKitExtension.swift */,
				1726243121F8640100C7688C /* Numeric.swift */,
			);
			path = MiscellaneousExtensions;
			sourceTree = "<group>";
		};
		17E15FE8220562590037B35F /* Desaturate */ = {
			isa = PBXGroup;
			children = (
				17E15FE9220562890037B35F /* DesaturateSettingsUI.storyboard */,
				17E15FEB2205638F0037B35F /* DesaturateSettingsUICode.swift */,
			);
			path = Desaturate;
			sourceTree = "<group>";
		};
		17E15FED220575C00037B35F /* Mirroring */ = {
			isa = PBXGroup;
			children = (
				17E15FEE220575DD0037B35F /* MirroringFilterSettingsUI.storyboard */,
				17E15FF722058C5A0037B35F /* MirroringFilterSettingsUICode.swift */,
			);
			path = Mirroring;
			sourceTree = "<group>";
		};
		17E15FF222057E630037B35F /* Mirroring */ = {
			isa = PBXGroup;
			children = (
				17E15FF3220585950037B35F /* MirroringParameters.swift */,
				17E15FF022057E5E0037B35F /* Mirroring.metal */,
			);
			path = Mirroring;
			sourceTree = "<group>";
		};
		17E9F0DE2201721F00BA7B46 /* FilterSettingUIs */ = {
			isa = PBXGroup;
			children = (
				17A409D62201E941003D4EC6 /* FilterSettingUIBase.swift */,
				17E9F0DC2201719600BA7B46 /* FilterSettingsUI.storyboard */,
				17E9F0E622017E9600BA7B46 /* FilterSettingsUICode.swift */,
				174779FF22048C6600FD64EF /* FilterSectionData.swift */,
				174779FB2204338600FD64EF /* CollapsibleHeader.swift */,
				174779FD220433CB00FD64EF /* CollapsibleTableViewHeaderDelegate.swift */,
				17E15FED220575C00037B35F /* Mirroring */,
				17E15FE8220562590037B35F /* Desaturate */,
				17477A0122049AEC00FD64EF /* Grayscale */,
				174779F622042FCD00FD64EF /* NoParameters */,
				17787F0A2203067E00D15761 /* Halftone */,
				17787F052202DC0B00D15761 /* ChannelMixer */,
				17787EFE2202C3C700D15761 /* HSB */,
				17E9F0DF2201723E00BA7B46 /* Kuwahara */,
			);
			path = FilterSettingUIs;
			sourceTree = "<group>";
		};
		17E9F0DF2201723E00BA7B46 /* Kuwahara */ = {
			isa = PBXGroup;
			children = (
				17E9F0E0220173CD00BA7B46 /* KuwaharaFilterSettingsUI.storyboard */,
				17E9F0E42201784700BA7B46 /* KuwaharaFilterSettingsCode.swift */,
			);
			path = Kuwahara;
			sourceTree = "<group>";
		};
		17FA09AF21E8A8E400405B2D /* PixelatorKernel */ = {
			isa = PBXGroup;
			children = (
				17FA09A521E863C800405B2D /* Pixelator.swift */,
				17FA09AB21E8A6B700405B2D /* PixelatorKernel.metal */,
				17FA09AD21E8A8DD00405B2D /* PixelatorKernel.swift */,
			);
			path = PixelatorKernel;
			sourceTree = "<group>";
		};
/* End PBXGroup section */

/* Begin PBXNativeTarget section */
		171E542221E44E170045ED77 /* BumpCamera */ = {
			isa = PBXNativeTarget;
			buildConfigurationList = 171E543521E44E180045ED77 /* Build configuration list for PBXNativeTarget "BumpCamera" */;
			buildPhases = (
				171E541F21E44E170045ED77 /* Sources */,
				171E542021E44E170045ED77 /* Frameworks */,
				171E542121E44E170045ED77 /* Resources */,
			);
			buildRules = (
			);
			dependencies = (
			);
			name = BumpCamera;
			productName = BumpCamera;
			productReference = 171E542321E44E170045ED77 /* BumpCamera.app */;
			productType = "com.apple.product-type.application";
		};
/* End PBXNativeTarget section */

/* Begin PBXProject section */
		171E541B21E44E170045ED77 /* Project object */ = {
			isa = PBXProject;
			attributes = {
				LastSwiftUpdateCheck = 1010;
				LastUpgradeCheck = 1010;
				ORGANIZATIONNAME = "Stuart Rankin";
				TargetAttributes = {
					171E542221E44E170045ED77 = {
						CreatedOnToolsVersion = 10.1;
						LastSwiftMigration = 1010;
					};
				};
			};
			buildConfigurationList = 171E541E21E44E170045ED77 /* Build configuration list for PBXProject "BumpCamera" */;
			compatibilityVersion = "Xcode 9.3";
			developmentRegion = en;
			hasScannedForEncodings = 0;
			knownRegions = (
				en,
				Base,
			);
			mainGroup = 171E541A21E44E170045ED77;
			productRefGroup = 171E542421E44E170045ED77 /* Products */;
			projectDirPath = "";
			projectRoot = "";
			targets = (
				171E542221E44E170045ED77 /* BumpCamera */,
			);
		};
/* End PBXProject section */

/* Begin PBXResourcesBuildPhase section */
		171E542121E44E170045ED77 /* Resources */ = {
			isa = PBXResourcesBuildPhase;
			buildActionMask = 2147483647;
			files = (
				17E9F0DD2201719600BA7B46 /* FilterSettingsUI.storyboard in Resources */,
				17A686E921F81E5B00F252CA /* HueAdjustTable.storyboard in Resources */,
				17477A0322049B1500FD64EF /* GrayscaleSettingsUI.storyboard in Resources */,
				171E543121E44E180045ED77 /* LaunchScreen.storyboard in Resources */,
				174779F822042FEC00FD64EF /* NoParametersSettingsUI.storyboard in Resources */,
				1726241721F840E500C7688C /* PixellateTable.storyboard in Resources */,
				173F633422001800006CB67C /* Pixellate2Table.storyboard in Resources */,
				173F632F22000045006CB67C /* PixellateMetalTable.storyboard in Resources */,
				17E9F0E1220173CD00BA7B46 /* KuwaharaFilterSettingsUI.storyboard in Resources */,
				17E15FEF220575DD0037B35F /* MirroringFilterSettingsUI.storyboard in Resources */,
				17E15FEA220562890037B35F /* DesaturateSettingsUI.storyboard in Resources */,
				17BEE0B721FC452F00A9370B /* DesaturateColorsTable.storyboard in Resources */,
				17787F072202DC2A00D15761 /* ChannelMixerSettingsUI.storyboard in Resources */,
				171E542E21E44E180045ED77 /* Assets.xcassets in Resources */,
				17787F022202C43900D15761 /* HSBFilterSettingsUI.storyboard in Resources */,
				173B16A822015766005A5B0B /* About.storyboard in Resources */,
				171E542C21E44E170045ED77 /* Main.storyboard in Resources */,
				17F51B0521EA03EB00843092 /* Settings.storyboard in Resources */,
				17787F0C2203069A00D15761 /* HalftoneSettingsUI.storyboard in Resources */,
			);
			runOnlyForDeploymentPostprocessing = 0;
		};
/* End PBXResourcesBuildPhase section */

/* Begin PBXSourcesBuildPhase section */
		171E541F21E44E170045ED77 /* Sources */ = {
			isa = PBXSourcesBuildPhase;
			buildActionMask = 2147483647;
			files = (
				1756CE0621FD734600C4E638 /* RGBtoHBS.metal in Sources */,
				1756CDF621FD629800C4E638 /* RGBtoRBG.metal in Sources */,
				171D627121EDD1C2004D3545 /* HatchScreen.swift in Sources */,
				17F51B0121E9E44F00843092 /* BackgroundServer.swift in Sources */,
				17D7510E21F41ACD0050A2B5 /* MainUISettings.swift in Sources */,
				17D7512021F466AE0050A2B5 /* RosyEffect.metal in Sources */,
				178CF92621F5B98D007229FD /* ParameterManager.swift in Sources */,
				17D7511C21F462CE0050A2B5 /* MinMaxFromBuffer.m in Sources */,
				17D7511721F423DD0050A2B5 /* MainUICamera.swift in Sources */,
				1756CDF421FD61C700C4E638 /* RelativeStrengthParameters.swift in Sources */,
				1799C89821FF17260069D5AC /* KuwaharaKernel.metal in Sources */,
				1726241521F840D200C7688C /* PixellateTableCode.swift in Sources */,
				17A409D72201E941003D4EC6 /* FilterSettingUIBase.swift in Sources */,
				174D6D5D220804000066AE93 /* GroupNode.swift in Sources */,
				174779FC2204338600FD64EF /* CollapsibleHeader.swift in Sources */,
				178C75BC21F3247E00844FFF /* MTLKitExtension.swift in Sources */,
				1756CE0821FD737100C4E638 /* RGBtoSHB.metal in Sources */,
				17A686EB21F824AA00F252CA /* HueAdustTableCode.swift in Sources */,
				178C75BE21F337C100844FFF /* AVCaptureVideoOrientationExtension.swift in Sources */,
				1756CE1221FD874800C4E638 /* ChannelSwizzleParameters.swift in Sources */,
				1726241A21F844DF00C7688C /* FilterTableBase.swift in Sources */,
				171F3CEF220861800098E2B7 /* GridGenerator.metal in Sources */,
				173F6331220001FD006CB67C /* PixellateMetalTableCode.swift in Sources */,
				171E542921E44E170045ED77 /* MainUIViewer.swift in Sources */,
				1756CDFE21FD63D800C4E638 /* RGBtoBGR.metal in Sources */,
				17787F092202E2E400D15761 /* ChannelMixerSettingsUICode.swift in Sources */,
				172D98C921F9A53A005A5275 /* ChannelMixer.swift in Sources */,
				17E15FF4220585950037B35F /* MirroringParameters.swift in Sources */,
				174D6D5F220804AC0066AE93 /* FilterNode.swift in Sources */,
				17D7511521F41DE40050A2B5 /* MainUIDebug.swift in Sources */,
				1756F1192204A37100CC655D /* GrayscaleSettingsUICode.swift in Sources */,
				171E542721E44E170045ED77 /* AppDelegate.swift in Sources */,
				17D7510C21F418430050A2B5 /* MainUIObserving.swift in Sources */,
				17FA09A821E8814700405B2D /* ExtensionMethods.swift in Sources */,
				1756CDF221FD60B300C4E638 /* RGBtoRGB.metal in Sources */,
				171D625721ED974A004D3545 /* Renderer.swift in Sources */,
				178CF92821F5F286007229FD /* FilterManagerEnums.swift in Sources */,
				173F632D21FFFBEE006CB67C /* BlockInfoParameters.swift in Sources */,
				17BEE0B921FC459900A9370B /* DesaturateColorsTableCode.swift in Sources */,
				171D626421EDBE4B004D3545 /* RenderPacket.swift in Sources */,
				17787F0E22031BD100D15761 /* HalftoneSettingsUICode.swift in Sources */,
				171D626821EDC45E004D3545 /* CameraFilter.swift in Sources */,
				171D625921ED98AE004D3545 /* Noir.swift in Sources */,
				17787F042202C6AE00D15761 /* HSBFilterSettingsUICode.swift in Sources */,
				171D626B21EDCE62004D3545 /* Pixellate.swift in Sources */,
				1756CDF821FD62E700C4E638 /* RGBtoGRB.metal in Sources */,
				17020EDB21FDD607006DE7ED /* GrayscaleKernelParameters.swift in Sources */,
				17EC44D021F0250C00197804 /* Comic.swift in Sources */,
				17FA09A621E863C800405B2D /* Pixelator.swift in Sources */,
				171D625E21EDB446004D3545 /* PassThrough.metal in Sources */,
				17EC44D421F05B6600197804 /* FilterSelectorBlock.swift in Sources */,
				1756CE1421FD87CB00C4E638 /* HSBSwizzling.metal in Sources */,
				17E15FF822058C5A0037B35F /* MirroringFilterSettingsUICode.swift in Sources */,
				1739EAD021E7563300407556 /* ImageFilterer.swift in Sources */,
				174779FE220433CB00FD64EF /* CollapsibleTableViewHeaderDelegate.swift in Sources */,
				173B16A42201437B005A5B0B /* Pixellate2TableCode.swift in Sources */,
				171D626221EDB66F004D3545 /* DotScreen.swift in Sources */,
				1799C89A21FF1B890069D5AC /* KuwaharaEffect.swift in Sources */,
				1726243221F8640100C7688C /* Numeric.swift in Sources */,
				17020EDD21FDD6C5006DE7ED /* GrayscaleAdjust.swift in Sources */,
				17E15FEC2205638F0037B35F /* DesaturateSettingsUICode.swift in Sources */,
				1756CE0E21FD740300C4E638 /* RGBtoBSH.metal in Sources */,
				17E15FE722053A620037B35F /* GrayscaleAdjustChannelMultipliersCode.swift in Sources */,
				171D627321EDD415004D3545 /* CMYKHalftone.swift in Sources */,
				171D627821EDF017004D3545 /* PassThrough.swift in Sources */,
				171D626021EDB46D004D3545 /* Mixer.metal in Sources */,
				17FA09AE21E8A8DD00405B2D /* PixelatorKernel.swift in Sources */,
				1756CDFC21FD638F00C4E638 /* RGBtoBRG.metal in Sources */,
				17E15FF6220585EE0037B35F /* MirroringDistortion.swift in Sources */,
				1756CE0121FD646600C4E638 /* RGBtoHSB.metal in Sources */,
				17477A0022048C6600FD64EF /* FilterSectionData.swift in Sources */,
				17E15FF122057E5E0037B35F /* Mirroring.metal in Sources */,
				17D7510821F410BF0050A2B5 /* MainUIFilterSelection.swift in Sources */,
				171F3CF1220862B80098E2B7 /* GridParameters.swift in Sources */,
				171D626D21EDCF6E004D3545 /* LineScreen.swift in Sources */,
				174D6D5B220803E70066AE93 /* GroupNodeManager.swift in Sources */,
				179B599421EF0AC200905058 /* FilterCollectionCell.swift in Sources */,
				171D625B21EDA5B6004D3545 /* PreviewMetalView.swift in Sources */,
				17D5F32521FC1DC00093DFFF /* DesaturationKernel.metal in Sources */,
				17E9F0E52201784700BA7B46 /* KuwaharaFilterSettingsCode.swift in Sources */,
				17EC44D221F027B500197804 /* LineOverlay.swift in Sources */,
				1756CE0A21FD73AA00C4E638 /* RGBtoSBH.metal in Sources */,
				1726242121F8503E00C7688C /* NewFieldSettingProtocol.swift in Sources */,
				17D7511121F41BB90050A2B5 /* MainUIJpegDataClass.swift in Sources */,
				171D626621EDC409004D3545 /* FilterManager.swift in Sources */,
				17D7512621F497DF0050A2B5 /* FilterParent.swift in Sources */,
				17E1856721F2C8E800192D03 /* FilterCell.swift in Sources */,
				17FA09AC21E8A6B700405B2D /* PixelatorKernel.metal in Sources */,
				17EC44CE21F0245100197804 /* XRay.swift in Sources */,
				1799C8A221FF2F9C0069D5AC /* Pixellate_Metal.swift in Sources */,
				17D7512221F466CF0050A2B5 /* DepthToGrayscale.metal in Sources */,
				171F3CF4220863760098E2B7 /* GridGenerator.swift in Sources */,
				17F51B0321E9E86F00843092 /* Times.swift in Sources */,
				17D7510A21F414390050A2B5 /* MainUILabelManagement.swift in Sources */,
				1799C89621FF15750069D5AC /* Pixellatekernel.metal in Sources */,
				17D7511321F41CD40050A2B5 /* MainUIPhoto.swift in Sources */,
				171D626F21EDD143004D3545 /* CircularScreen.swift in Sources */,
				17E9F0E722017E9600BA7B46 /* FilterSettingsUICode.swift in Sources */,
				1764FA8A21F1E6F90059FAFD /* FilterSettings.swift in Sources */,
				17D7511921F461DA0050A2B5 /* DepthToGrayscaleConverter.swift in Sources */,
				17BEE0B421FC2F8500A9370B /* DesaturationKernelParameters.swift in Sources */,
				173B16A622014F8B005A5B0B /* HighlightBrightness.swift in Sources */,
				17B2ED8421F1A5CF00E3B56A /* MainSettings.swift in Sources */,
				1726243421F8964E00C7688C /* HSBAdjust.swift in Sources */,
				17020ED921FDD25D006DE7ED /* GrayscaleKernel.metal in Sources */,
				1756CE0C21FD73D200C4E638 /* RGBtoBHS.metal in Sources */,
				1756CDFA21FD633C00C4E638 /* RGBtoGBR.metal in Sources */,
				171D627621EDD52D004D3545 /* CircleAndLines.swift in Sources */,
				174779FA2204309600FD64EF /* NoParametersSettingsUICode.swift in Sources */,
				175E260E21F4A5AB00B6BF8F /* HueAdjust.swift in Sources */,
				17BEE0B221FC20FF00A9370B /* DesaturateColors.swift in Sources */,
				1756CE1021FD860A00C4E638 /* RGBSwizzling.metal in Sources */,
			);
			runOnlyForDeploymentPostprocessing = 0;
		};
/* End PBXSourcesBuildPhase section */

/* Begin PBXVariantGroup section */
		171E542A21E44E170045ED77 /* Main.storyboard */ = {
			isa = PBXVariantGroup;
			children = (
				171E542B21E44E170045ED77 /* Base */,
			);
			name = Main.storyboard;
			sourceTree = "<group>";
		};
		171E542F21E44E180045ED77 /* LaunchScreen.storyboard */ = {
			isa = PBXVariantGroup;
			children = (
				171E543021E44E180045ED77 /* Base */,
			);
			name = LaunchScreen.storyboard;
			sourceTree = "<group>";
		};
/* End PBXVariantGroup section */

/* Begin XCBuildConfiguration section */
		171E543321E44E180045ED77 /* Debug */ = {
			isa = XCBuildConfiguration;
			buildSettings = {
				ALWAYS_SEARCH_USER_PATHS = NO;
				CLANG_ANALYZER_NONNULL = YES;
				CLANG_ANALYZER_NUMBER_OBJECT_CONVERSION = YES_AGGRESSIVE;
				CLANG_CXX_LANGUAGE_STANDARD = "gnu++14";
				CLANG_CXX_LIBRARY = "libc++";
				CLANG_ENABLE_MODULES = YES;
				CLANG_ENABLE_OBJC_ARC = YES;
				CLANG_ENABLE_OBJC_WEAK = YES;
				CLANG_WARN_BLOCK_CAPTURE_AUTORELEASING = YES;
				CLANG_WARN_BOOL_CONVERSION = YES;
				CLANG_WARN_COMMA = YES;
				CLANG_WARN_CONSTANT_CONVERSION = YES;
				CLANG_WARN_DEPRECATED_OBJC_IMPLEMENTATIONS = YES;
				CLANG_WARN_DIRECT_OBJC_ISA_USAGE = YES_ERROR;
				CLANG_WARN_DOCUMENTATION_COMMENTS = YES;
				CLANG_WARN_EMPTY_BODY = YES;
				CLANG_WARN_ENUM_CONVERSION = YES;
				CLANG_WARN_INFINITE_RECURSION = YES;
				CLANG_WARN_INT_CONVERSION = YES;
				CLANG_WARN_NON_LITERAL_NULL_CONVERSION = YES;
				CLANG_WARN_OBJC_IMPLICIT_RETAIN_SELF = YES;
				CLANG_WARN_OBJC_LITERAL_CONVERSION = YES;
				CLANG_WARN_OBJC_ROOT_CLASS = YES_ERROR;
				CLANG_WARN_RANGE_LOOP_ANALYSIS = YES;
				CLANG_WARN_STRICT_PROTOTYPES = YES;
				CLANG_WARN_SUSPICIOUS_MOVE = YES;
				CLANG_WARN_UNGUARDED_AVAILABILITY = YES_AGGRESSIVE;
				CLANG_WARN_UNREACHABLE_CODE = YES;
				CLANG_WARN__DUPLICATE_METHOD_MATCH = YES;
				CODE_SIGN_IDENTITY = "iPhone Developer";
				COPY_PHASE_STRIP = NO;
				DEBUG_INFORMATION_FORMAT = dwarf;
				ENABLE_STRICT_OBJC_MSGSEND = YES;
				ENABLE_TESTABILITY = YES;
				GCC_C_LANGUAGE_STANDARD = gnu11;
				GCC_DYNAMIC_NO_PIC = NO;
				GCC_NO_COMMON_BLOCKS = YES;
				GCC_OPTIMIZATION_LEVEL = 0;
				GCC_PREPROCESSOR_DEFINITIONS = (
					"DEBUG=1",
					"$(inherited)",
				);
				GCC_WARN_64_TO_32_BIT_CONVERSION = YES;
				GCC_WARN_ABOUT_RETURN_TYPE = YES_ERROR;
				GCC_WARN_UNDECLARED_SELECTOR = YES;
				GCC_WARN_UNINITIALIZED_AUTOS = YES_AGGRESSIVE;
				GCC_WARN_UNUSED_FUNCTION = YES;
				GCC_WARN_UNUSED_VARIABLE = YES;
				IPHONEOS_DEPLOYMENT_TARGET = 12.1;
				MTL_ENABLE_DEBUG_INFO = INCLUDE_SOURCE;
				MTL_FAST_MATH = YES;
				ONLY_ACTIVE_ARCH = YES;
				SDKROOT = iphoneos;
				SWIFT_ACTIVE_COMPILATION_CONDITIONS = DEBUG;
				SWIFT_OPTIMIZATION_LEVEL = "-Onone";
			};
			name = Debug;
		};
		171E543421E44E180045ED77 /* Release */ = {
			isa = XCBuildConfiguration;
			buildSettings = {
				ALWAYS_SEARCH_USER_PATHS = NO;
				CLANG_ANALYZER_NONNULL = YES;
				CLANG_ANALYZER_NUMBER_OBJECT_CONVERSION = YES_AGGRESSIVE;
				CLANG_CXX_LANGUAGE_STANDARD = "gnu++14";
				CLANG_CXX_LIBRARY = "libc++";
				CLANG_ENABLE_MODULES = YES;
				CLANG_ENABLE_OBJC_ARC = YES;
				CLANG_ENABLE_OBJC_WEAK = YES;
				CLANG_WARN_BLOCK_CAPTURE_AUTORELEASING = YES;
				CLANG_WARN_BOOL_CONVERSION = YES;
				CLANG_WARN_COMMA = YES;
				CLANG_WARN_CONSTANT_CONVERSION = YES;
				CLANG_WARN_DEPRECATED_OBJC_IMPLEMENTATIONS = YES;
				CLANG_WARN_DIRECT_OBJC_ISA_USAGE = YES_ERROR;
				CLANG_WARN_DOCUMENTATION_COMMENTS = YES;
				CLANG_WARN_EMPTY_BODY = YES;
				CLANG_WARN_ENUM_CONVERSION = YES;
				CLANG_WARN_INFINITE_RECURSION = YES;
				CLANG_WARN_INT_CONVERSION = YES;
				CLANG_WARN_NON_LITERAL_NULL_CONVERSION = YES;
				CLANG_WARN_OBJC_IMPLICIT_RETAIN_SELF = YES;
				CLANG_WARN_OBJC_LITERAL_CONVERSION = YES;
				CLANG_WARN_OBJC_ROOT_CLASS = YES_ERROR;
				CLANG_WARN_RANGE_LOOP_ANALYSIS = YES;
				CLANG_WARN_STRICT_PROTOTYPES = YES;
				CLANG_WARN_SUSPICIOUS_MOVE = YES;
				CLANG_WARN_UNGUARDED_AVAILABILITY = YES_AGGRESSIVE;
				CLANG_WARN_UNREACHABLE_CODE = YES;
				CLANG_WARN__DUPLICATE_METHOD_MATCH = YES;
				CODE_SIGN_IDENTITY = "iPhone Developer";
				COPY_PHASE_STRIP = NO;
				DEBUG_INFORMATION_FORMAT = "dwarf-with-dsym";
				ENABLE_NS_ASSERTIONS = NO;
				ENABLE_STRICT_OBJC_MSGSEND = YES;
				GCC_C_LANGUAGE_STANDARD = gnu11;
				GCC_NO_COMMON_BLOCKS = YES;
				GCC_WARN_64_TO_32_BIT_CONVERSION = YES;
				GCC_WARN_ABOUT_RETURN_TYPE = YES_ERROR;
				GCC_WARN_UNDECLARED_SELECTOR = YES;
				GCC_WARN_UNINITIALIZED_AUTOS = YES_AGGRESSIVE;
				GCC_WARN_UNUSED_FUNCTION = YES;
				GCC_WARN_UNUSED_VARIABLE = YES;
				IPHONEOS_DEPLOYMENT_TARGET = 12.1;
				MTL_ENABLE_DEBUG_INFO = NO;
				MTL_FAST_MATH = YES;
				SDKROOT = iphoneos;
				SWIFT_COMPILATION_MODE = wholemodule;
				SWIFT_OPTIMIZATION_LEVEL = "-O";
				VALIDATE_PRODUCT = YES;
			};
			name = Release;
		};
		171E543621E44E180045ED77 /* Debug */ = {
			isa = XCBuildConfiguration;
			buildSettings = {
				ASSETCATALOG_COMPILER_APPICON_NAME = AppIcon;
				CLANG_ENABLE_MODULES = YES;
				CODE_SIGN_STYLE = Automatic;
				DEVELOPMENT_TEAM = 4BB235M4GL;
				INFOPLIST_FILE = BumpCamera/Info.plist;
				LD_RUNPATH_SEARCH_PATHS = (
					"$(inherited)",
					"@executable_path/Frameworks",
				);
				PRODUCT_BUNDLE_IDENTIFIER = Irorio.BumpCamera;
				PRODUCT_NAME = "$(TARGET_NAME)";
				SWIFT_OBJC_BRIDGING_HEADER = "BumpCamera/BumpCamera-Bridging-Header.h";
				SWIFT_OPTIMIZATION_LEVEL = "-Onone";
				SWIFT_VERSION = 4.2;
				TARGETED_DEVICE_FAMILY = "1,2";
			};
			name = Debug;
		};
		171E543721E44E180045ED77 /* Release */ = {
			isa = XCBuildConfiguration;
			buildSettings = {
				ASSETCATALOG_COMPILER_APPICON_NAME = AppIcon;
				CLANG_ENABLE_MODULES = YES;
				CODE_SIGN_STYLE = Automatic;
				DEVELOPMENT_TEAM = 4BB235M4GL;
				INFOPLIST_FILE = BumpCamera/Info.plist;
				LD_RUNPATH_SEARCH_PATHS = (
					"$(inherited)",
					"@executable_path/Frameworks",
				);
				PRODUCT_BUNDLE_IDENTIFIER = Irorio.BumpCamera;
				PRODUCT_NAME = "$(TARGET_NAME)";
				SWIFT_OBJC_BRIDGING_HEADER = "BumpCamera/BumpCamera-Bridging-Header.h";
				SWIFT_VERSION = 4.2;
				TARGETED_DEVICE_FAMILY = "1,2";
			};
			name = Release;
		};
/* End XCBuildConfiguration section */

/* Begin XCConfigurationList section */
		171E541E21E44E170045ED77 /* Build configuration list for PBXProject "BumpCamera" */ = {
			isa = XCConfigurationList;
			buildConfigurations = (
				171E543321E44E180045ED77 /* Debug */,
				171E543421E44E180045ED77 /* Release */,
			);
			defaultConfigurationIsVisible = 0;
			defaultConfigurationName = Release;
		};
		171E543521E44E180045ED77 /* Build configuration list for PBXNativeTarget "BumpCamera" */ = {
			isa = XCConfigurationList;
			buildConfigurations = (
				171E543621E44E180045ED77 /* Debug */,
				171E543721E44E180045ED77 /* Release */,
			);
			defaultConfigurationIsVisible = 0;
			defaultConfigurationName = Release;
		};
/* End XCConfigurationList section */
	};
	rootObject = 171E541B21E44E170045ED77 /* Project object */;
}
