// !$*UTF8*$!
{
	archiveVersion = 1;
	classes = {
	};
	objectVersion = 50;
	objects = {

/* Begin PBXBuildFile section */
		171E542721E44E170045ED77 /* AppDelegate.swift in Sources */ = {isa = PBXBuildFile; fileRef = 171E542621E44E170045ED77 /* AppDelegate.swift */; };
		171E542921E44E170045ED77 /* MainUIViewer.swift in Sources */ = {isa = PBXBuildFile; fileRef = 171E542821E44E170045ED77 /* MainUIViewer.swift */; };
		171E542C21E44E170045ED77 /* Main.storyboard in Resources */ = {isa = PBXBuildFile; fileRef = 171E542A21E44E170045ED77 /* Main.storyboard */; };
		171E542E21E44E180045ED77 /* Assets.xcassets in Resources */ = {isa = PBXBuildFile; fileRef = 171E542D21E44E180045ED77 /* Assets.xcassets */; };
		171E543121E44E180045ED77 /* LaunchScreen.storyboard in Resources */ = {isa = PBXBuildFile; fileRef = 171E542F21E44E180045ED77 /* LaunchScreen.storyboard */; };
		1739EACC21E7407600407556 /* ImagePreviewController.swift in Sources */ = {isa = PBXBuildFile; fileRef = 1739EACB21E7407600407556 /* ImagePreviewController.swift */; };
		1739EACE21E7411400407556 /* ImageViewProtocol.swift in Sources */ = {isa = PBXBuildFile; fileRef = 1739EACD21E7411400407556 /* ImageViewProtocol.swift */; };
		1739EAD021E7563300407556 /* ImageFilterer.swift in Sources */ = {isa = PBXBuildFile; fileRef = 1739EACF21E7563300407556 /* ImageFilterer.swift */; };
		17FA09A621E863C800405B2D /* Pixelator.swift in Sources */ = {isa = PBXBuildFile; fileRef = 17FA09A521E863C800405B2D /* Pixelator.swift */; };
		17FA09A821E8814700405B2D /* ExtensionMethods.swift in Sources */ = {isa = PBXBuildFile; fileRef = 17FA09A721E8814700405B2D /* ExtensionMethods.swift */; };
		17FA09AC21E8A6B700405B2D /* PixelatorKernel.metal in Sources */ = {isa = PBXBuildFile; fileRef = 17FA09AB21E8A6B700405B2D /* PixelatorKernel.metal */; };
		17FA09AE21E8A8DD00405B2D /* PixelatorKernel.swift in Sources */ = {isa = PBXBuildFile; fileRef = 17FA09AD21E8A8DD00405B2D /* PixelatorKernel.swift */; };
/* End PBXBuildFile section */

/* Begin PBXFileReference section */
		171E542321E44E170045ED77 /* BumpCamera.app */ = {isa = PBXFileReference; explicitFileType = wrapper.application; includeInIndex = 0; path = BumpCamera.app; sourceTree = BUILT_PRODUCTS_DIR; };
		171E542621E44E170045ED77 /* AppDelegate.swift */ = {isa = PBXFileReference; lastKnownFileType = sourcecode.swift; path = AppDelegate.swift; sourceTree = "<group>"; };
		171E542821E44E170045ED77 /* MainUIViewer.swift */ = {isa = PBXFileReference; lastKnownFileType = sourcecode.swift; path = MainUIViewer.swift; sourceTree = "<group>"; };
		171E542B21E44E170045ED77 /* Base */ = {isa = PBXFileReference; lastKnownFileType = file.storyboard; name = Base; path = Base.lproj/Main.storyboard; sourceTree = "<group>"; };
		171E542D21E44E180045ED77 /* Assets.xcassets */ = {isa = PBXFileReference; lastKnownFileType = folder.assetcatalog; path = Assets.xcassets; sourceTree = "<group>"; };
		171E543021E44E180045ED77 /* Base */ = {isa = PBXFileReference; lastKnownFileType = file.storyboard; name = Base; path = Base.lproj/LaunchScreen.storyboard; sourceTree = "<group>"; };
		171E543221E44E180045ED77 /* Info.plist */ = {isa = PBXFileReference; lastKnownFileType = text.plist.xml; path = Info.plist; sourceTree = "<group>"; };
		1739EACB21E7407600407556 /* ImagePreviewController.swift */ = {isa = PBXFileReference; lastKnownFileType = sourcecode.swift; path = ImagePreviewController.swift; sourceTree = "<group>"; };
		1739EACD21E7411400407556 /* ImageViewProtocol.swift */ = {isa = PBXFileReference; lastKnownFileType = sourcecode.swift; path = ImageViewProtocol.swift; sourceTree = "<group>"; };
		1739EACF21E7563300407556 /* ImageFilterer.swift */ = {isa = PBXFileReference; lastKnownFileType = sourcecode.swift; path = ImageFilterer.swift; sourceTree = "<group>"; };
		17FA09A521E863C800405B2D /* Pixelator.swift */ = {isa = PBXFileReference; lastKnownFileType = sourcecode.swift; path = Pixelator.swift; sourceTree = "<group>"; };
		17FA09A721E8814700405B2D /* ExtensionMethods.swift */ = {isa = PBXFileReference; lastKnownFileType = sourcecode.swift; path = ExtensionMethods.swift; sourceTree = "<group>"; };
		17FA09AB21E8A6B700405B2D /* PixelatorKernel.metal */ = {isa = PBXFileReference; lastKnownFileType = sourcecode.metal; path = PixelatorKernel.metal; sourceTree = "<group>"; };
		17FA09AD21E8A8DD00405B2D /* PixelatorKernel.swift */ = {isa = PBXFileReference; lastKnownFileType = sourcecode.swift; path = PixelatorKernel.swift; sourceTree = "<group>"; };
/* End PBXFileReference section */

/* Begin PBXFrameworksBuildPhase section */
		171E542021E44E170045ED77 /* Frameworks */ = {
			isa = PBXFrameworksBuildPhase;
			buildActionMask = 2147483647;
			files = (
			);
			runOnlyForDeploymentPostprocessing = 0;
		};
/* End PBXFrameworksBuildPhase section */

/* Begin PBXGroup section */
		171E541A21E44E170045ED77 = {
			isa = PBXGroup;
			children = (
				171E542521E44E170045ED77 /* BumpCamera */,
				171E542421E44E170045ED77 /* Products */,
			);
			sourceTree = "<group>";
		};
		171E542421E44E170045ED77 /* Products */ = {
			isa = PBXGroup;
			children = (
				171E542321E44E170045ED77 /* BumpCamera.app */,
			);
			name = Products;
			sourceTree = "<group>";
		};
		171E542521E44E170045ED77 /* BumpCamera */ = {
			isa = PBXGroup;
			children = (
				171E542D21E44E180045ED77 /* Assets.xcassets */,
				171E542621E44E170045ED77 /* AppDelegate.swift */,
				171E542821E44E170045ED77 /* MainUIViewer.swift */,
				171E542A21E44E170045ED77 /* Main.storyboard */,
				17FA09AF21E8A8E400405B2D /* PixelatorKernel */,
				17FA09A521E863C800405B2D /* Pixelator.swift */,
				1739EACF21E7563300407556 /* ImageFilterer.swift */,
				171E542F21E44E180045ED77 /* LaunchScreen.storyboard */,
				171E543221E44E180045ED77 /* Info.plist */,
				1739EACB21E7407600407556 /* ImagePreviewController.swift */,
				1739EACD21E7411400407556 /* ImageViewProtocol.swift */,
				17FA09A721E8814700405B2D /* ExtensionMethods.swift */,
			);
			path = BumpCamera;
			sourceTree = "<group>";
		};
		17FA09AF21E8A8E400405B2D /* PixelatorKernel */ = {
			isa = PBXGroup;
			children = (
				17FA09AB21E8A6B700405B2D /* PixelatorKernel.metal */,
				17FA09AD21E8A8DD00405B2D /* PixelatorKernel.swift */,
			);
			path = PixelatorKernel;
			sourceTree = "<group>";
		};
/* End PBXGroup section */

/* Begin PBXNativeTarget section */
		171E542221E44E170045ED77 /* BumpCamera */ = {
			isa = PBXNativeTarget;
			buildConfigurationList = 171E543521E44E180045ED77 /* Build configuration list for PBXNativeTarget "BumpCamera" */;
			buildPhases = (
				171E541F21E44E170045ED77 /* Sources */,
				171E542021E44E170045ED77 /* Frameworks */,
				171E542121E44E170045ED77 /* Resources */,
			);
			buildRules = (
			);
			dependencies = (
			);
			name = BumpCamera;
			productName = BumpCamera;
			productReference = 171E542321E44E170045ED77 /* BumpCamera.app */;
			productType = "com.apple.product-type.application";
		};
/* End PBXNativeTarget section */

/* Begin PBXProject section */
		171E541B21E44E170045ED77 /* Project object */ = {
			isa = PBXProject;
			attributes = {
				LastSwiftUpdateCheck = 1010;
				LastUpgradeCheck = 1010;
				ORGANIZATIONNAME = "Stuart Rankin";
				TargetAttributes = {
					171E542221E44E170045ED77 = {
						CreatedOnToolsVersion = 10.1;
					};
				};
			};
			buildConfigurationList = 171E541E21E44E170045ED77 /* Build configuration list for PBXProject "BumpCamera" */;
			compatibilityVersion = "Xcode 9.3";
			developmentRegion = en;
			hasScannedForEncodings = 0;
			knownRegions = (
				en,
				Base,
			);
			mainGroup = 171E541A21E44E170045ED77;
			productRefGroup = 171E542421E44E170045ED77 /* Products */;
			projectDirPath = "";
			projectRoot = "";
			targets = (
				171E542221E44E170045ED77 /* BumpCamera */,
			);
		};
/* End PBXProject section */

/* Begin PBXResourcesBuildPhase section */
		171E542121E44E170045ED77 /* Resources */ = {
			isa = PBXResourcesBuildPhase;
			buildActionMask = 2147483647;
			files = (
				171E543121E44E180045ED77 /* LaunchScreen.storyboard in Resources */,
				171E542E21E44E180045ED77 /* Assets.xcassets in Resources */,
				171E542C21E44E170045ED77 /* Main.storyboard in Resources */,
			);
			runOnlyForDeploymentPostprocessing = 0;
		};
/* End PBXResourcesBuildPhase section */

/* Begin PBXSourcesBuildPhase section */
		171E541F21E44E170045ED77 /* Sources */ = {
			isa = PBXSourcesBuildPhase;
			buildActionMask = 2147483647;
			files = (
				171E542921E44E170045ED77 /* MainUIViewer.swift in Sources */,
				171E542721E44E170045ED77 /* AppDelegate.swift in Sources */,
				17FA09A821E8814700405B2D /* ExtensionMethods.swift in Sources */,
				17FA09A621E863C800405B2D /* Pixelator.swift in Sources */,
				1739EACE21E7411400407556 /* ImageViewProtocol.swift in Sources */,
				1739EAD021E7563300407556 /* ImageFilterer.swift in Sources */,
				17FA09AE21E8A8DD00405B2D /* PixelatorKernel.swift in Sources */,
				1739EACC21E7407600407556 /* ImagePreviewController.swift in Sources */,
				17FA09AC21E8A6B700405B2D /* PixelatorKernel.metal in Sources */,
			);
			runOnlyForDeploymentPostprocessing = 0;
		};
/* End PBXSourcesBuildPhase section */

/* Begin PBXVariantGroup section */
		171E542A21E44E170045ED77 /* Main.storyboard */ = {
			isa = PBXVariantGroup;
			children = (
				171E542B21E44E170045ED77 /* Base */,
			);
			name = Main.storyboard;
			sourceTree = "<group>";
		};
		171E542F21E44E180045ED77 /* LaunchScreen.storyboard */ = {
			isa = PBXVariantGroup;
			children = (
				171E543021E44E180045ED77 /* Base */,
			);
			name = LaunchScreen.storyboard;
			sourceTree = "<group>";
		};
/* End PBXVariantGroup section */

/* Begin XCBuildConfiguration section */
		171E543321E44E180045ED77 /* Debug */ = {
			isa = XCBuildConfiguration;
			buildSettings = {
				ALWAYS_SEARCH_USER_PATHS = NO;
				CLANG_ANALYZER_NONNULL = YES;
				CLANG_ANALYZER_NUMBER_OBJECT_CONVERSION = YES_AGGRESSIVE;
				CLANG_CXX_LANGUAGE_STANDARD = "gnu++14";
				CLANG_CXX_LIBRARY = "libc++";
				CLANG_ENABLE_MODULES = YES;
				CLANG_ENABLE_OBJC_ARC = YES;
				CLANG_ENABLE_OBJC_WEAK = YES;
				CLANG_WARN_BLOCK_CAPTURE_AUTORELEASING = YES;
				CLANG_WARN_BOOL_CONVERSION = YES;
				CLANG_WARN_COMMA = YES;
				CLANG_WARN_CONSTANT_CONVERSION = YES;
				CLANG_WARN_DEPRECATED_OBJC_IMPLEMENTATIONS = YES;
				CLANG_WARN_DIRECT_OBJC_ISA_USAGE = YES_ERROR;
				CLANG_WARN_DOCUMENTATION_COMMENTS = YES;
				CLANG_WARN_EMPTY_BODY = YES;
				CLANG_WARN_ENUM_CONVERSION = YES;
				CLANG_WARN_INFINITE_RECURSION = YES;
				CLANG_WARN_INT_CONVERSION = YES;
				CLANG_WARN_NON_LITERAL_NULL_CONVERSION = YES;
				CLANG_WARN_OBJC_IMPLICIT_RETAIN_SELF = YES;
				CLANG_WARN_OBJC_LITERAL_CONVERSION = YES;
				CLANG_WARN_OBJC_ROOT_CLASS = YES_ERROR;
				CLANG_WARN_RANGE_LOOP_ANALYSIS = YES;
				CLANG_WARN_STRICT_PROTOTYPES = YES;
				CLANG_WARN_SUSPICIOUS_MOVE = YES;
				CLANG_WARN_UNGUARDED_AVAILABILITY = YES_AGGRESSIVE;
				CLANG_WARN_UNREACHABLE_CODE = YES;
				CLANG_WARN__DUPLICATE_METHOD_MATCH = YES;
				CODE_SIGN_IDENTITY = "iPhone Developer";
				COPY_PHASE_STRIP = NO;
				DEBUG_INFORMATION_FORMAT = dwarf;
				ENABLE_STRICT_OBJC_MSGSEND = YES;
				ENABLE_TESTABILITY = YES;
				GCC_C_LANGUAGE_STANDARD = gnu11;
				GCC_DYNAMIC_NO_PIC = NO;
				GCC_NO_COMMON_BLOCKS = YES;
				GCC_OPTIMIZATION_LEVEL = 0;
				GCC_PREPROCESSOR_DEFINITIONS = (
					"DEBUG=1",
					"$(inherited)",
				);
				GCC_WARN_64_TO_32_BIT_CONVERSION = YES;
				GCC_WARN_ABOUT_RETURN_TYPE = YES_ERROR;
				GCC_WARN_UNDECLARED_SELECTOR = YES;
				GCC_WARN_UNINITIALIZED_AUTOS = YES_AGGRESSIVE;
				GCC_WARN_UNUSED_FUNCTION = YES;
				GCC_WARN_UNUSED_VARIABLE = YES;
				IPHONEOS_DEPLOYMENT_TARGET = 12.1;
				MTL_ENABLE_DEBUG_INFO = INCLUDE_SOURCE;
				MTL_FAST_MATH = YES;
				ONLY_ACTIVE_ARCH = YES;
				SDKROOT = iphoneos;
				SWIFT_ACTIVE_COMPILATION_CONDITIONS = DEBUG;
				SWIFT_OPTIMIZATION_LEVEL = "-Onone";
			};
			name = Debug;
		};
		171E543421E44E180045ED77 /* Release */ = {
			isa = XCBuildConfiguration;
			buildSettings = {
				ALWAYS_SEARCH_USER_PATHS = NO;
				CLANG_ANALYZER_NONNULL = YES;
				CLANG_ANALYZER_NUMBER_OBJECT_CONVERSION = YES_AGGRESSIVE;
				CLANG_CXX_LANGUAGE_STANDARD = "gnu++14";
				CLANG_CXX_LIBRARY = "libc++";
				CLANG_ENABLE_MODULES = YES;
				CLANG_ENABLE_OBJC_ARC = YES;
				CLANG_ENABLE_OBJC_WEAK = YES;
				CLANG_WARN_BLOCK_CAPTURE_AUTORELEASING = YES;
				CLANG_WARN_BOOL_CONVERSION = YES;
				CLANG_WARN_COMMA = YES;
				CLANG_WARN_CONSTANT_CONVERSION = YES;
				CLANG_WARN_DEPRECATED_OBJC_IMPLEMENTATIONS = YES;
				CLANG_WARN_DIRECT_OBJC_ISA_USAGE = YES_ERROR;
				CLANG_WARN_DOCUMENTATION_COMMENTS = YES;
				CLANG_WARN_EMPTY_BODY = YES;
				CLANG_WARN_ENUM_CONVERSION = YES;
				CLANG_WARN_INFINITE_RECURSION = YES;
				CLANG_WARN_INT_CONVERSION = YES;
				CLANG_WARN_NON_LITERAL_NULL_CONVERSION = YES;
				CLANG_WARN_OBJC_IMPLICIT_RETAIN_SELF = YES;
				CLANG_WARN_OBJC_LITERAL_CONVERSION = YES;
				CLANG_WARN_OBJC_ROOT_CLASS = YES_ERROR;
				CLANG_WARN_RANGE_LOOP_ANALYSIS = YES;
				CLANG_WARN_STRICT_PROTOTYPES = YES;
				CLANG_WARN_SUSPICIOUS_MOVE = YES;
				CLANG_WARN_UNGUARDED_AVAILABILITY = YES_AGGRESSIVE;
				CLANG_WARN_UNREACHABLE_CODE = YES;
				CLANG_WARN__DUPLICATE_METHOD_MATCH = YES;
				CODE_SIGN_IDENTITY = "iPhone Developer";
				COPY_PHASE_STRIP = NO;
				DEBUG_INFORMATION_FORMAT = "dwarf-with-dsym";
				ENABLE_NS_ASSERTIONS = NO;
				ENABLE_STRICT_OBJC_MSGSEND = YES;
				GCC_C_LANGUAGE_STANDARD = gnu11;
				GCC_NO_COMMON_BLOCKS = YES;
				GCC_WARN_64_TO_32_BIT_CONVERSION = YES;
				GCC_WARN_ABOUT_RETURN_TYPE = YES_ERROR;
				GCC_WARN_UNDECLARED_SELECTOR = YES;
				GCC_WARN_UNINITIALIZED_AUTOS = YES_AGGRESSIVE;
				GCC_WARN_UNUSED_FUNCTION = YES;
				GCC_WARN_UNUSED_VARIABLE = YES;
				IPHONEOS_DEPLOYMENT_TARGET = 12.1;
				MTL_ENABLE_DEBUG_INFO = NO;
				MTL_FAST_MATH = YES;
				SDKROOT = iphoneos;
				SWIFT_COMPILATION_MODE = wholemodule;
				SWIFT_OPTIMIZATION_LEVEL = "-O";
				VALIDATE_PRODUCT = YES;
			};
			name = Release;
		};
		171E543621E44E180045ED77 /* Debug */ = {
			isa = XCBuildConfiguration;
			buildSettings = {
				ASSETCATALOG_COMPILER_APPICON_NAME = AppIcon;
				CODE_SIGN_STYLE = Automatic;
				DEVELOPMENT_TEAM = 4BB235M4GL;
				INFOPLIST_FILE = BumpCamera/Info.plist;
				LD_RUNPATH_SEARCH_PATHS = (
					"$(inherited)",
					"@executable_path/Frameworks",
				);
				PRODUCT_BUNDLE_IDENTIFIER = Irorio.BumpCamera;
				PRODUCT_NAME = "$(TARGET_NAME)";
				SWIFT_VERSION = 4.2;
				TARGETED_DEVICE_FAMILY = "1,2";
			};
			name = Debug;
		};
		171E543721E44E180045ED77 /* Release */ = {
			isa = XCBuildConfiguration;
			buildSettings = {
				ASSETCATALOG_COMPILER_APPICON_NAME = AppIcon;
				CODE_SIGN_STYLE = Automatic;
				DEVELOPMENT_TEAM = 4BB235M4GL;
				INFOPLIST_FILE = BumpCamera/Info.plist;
				LD_RUNPATH_SEARCH_PATHS = (
					"$(inherited)",
					"@executable_path/Frameworks",
				);
				PRODUCT_BUNDLE_IDENTIFIER = Irorio.BumpCamera;
				PRODUCT_NAME = "$(TARGET_NAME)";
				SWIFT_VERSION = 4.2;
				TARGETED_DEVICE_FAMILY = "1,2";
			};
			name = Release;
		};
/* End XCBuildConfiguration section */

/* Begin XCConfigurationList section */
		171E541E21E44E170045ED77 /* Build configuration list for PBXProject "BumpCamera" */ = {
			isa = XCConfigurationList;
			buildConfigurations = (
				171E543321E44E180045ED77 /* Debug */,
				171E543421E44E180045ED77 /* Release */,
			);
			defaultConfigurationIsVisible = 0;
			defaultConfigurationName = Release;
		};
		171E543521E44E180045ED77 /* Build configuration list for PBXNativeTarget "BumpCamera" */ = {
			isa = XCConfigurationList;
			buildConfigurations = (
				171E543621E44E180045ED77 /* Debug */,
				171E543721E44E180045ED77 /* Release */,
			);
			defaultConfigurationIsVisible = 0;
			defaultConfigurationName = Release;
		};
/* End XCConfigurationList section */
	};
	rootObject = 171E541B21E44E170045ED77 /* Project object */;
}
